PODS:
  - Firebase/Analytics (9.6.0):
    - Firebase/Core
  - Firebase/Core (9.6.0):
    - Firebase/CoreOnly
    - FirebaseAnalytics (~> 9.6.0)
  - Firebase/CoreOnly (9.6.0):
    - FirebaseCore (= 9.6.0)
  - Firebase/Crashlytics (9.6.0):
    - Firebase/CoreOnly
    - FirebaseCrashlytics (~> 9.6.0)
  - FirebaseAnalytics (9.6.0):
    - FirebaseAnalytics/AdIdSupport (= 9.6.0)
    - FirebaseCore (~> 9.0)
    - FirebaseInstallations (~> 9.0)
    - GoogleUtilities/AppDelegateSwizzler (~> 7.7)
    - GoogleUtilities/MethodSwizzler (~> 7.7)
    - GoogleUtilities/Network (~> 7.7)
    - "GoogleUtilities/NSData+zlib (~> 7.7)"
    - nanopb (< 2.30910.0, >= 2.30908.0)
  - FirebaseAnalytics/AdIdSupport (9.6.0):
    - FirebaseCore (~> 9.0)
    - FirebaseInstallations (~> 9.0)
    - GoogleAppMeasurement (= 9.6.0)
    - GoogleUtilities/AppDelegateSwizzler (~> 7.7)
    - GoogleUtilities/MethodSwizzler (~> 7.7)
    - GoogleUtilities/Network (~> 7.7)
    - "GoogleUtilities/NSData+zlib (~> 7.7)"
    - nanopb (< 2.30910.0, >= 2.30908.0)
  - FirebaseCore (9.6.0):
    - FirebaseCoreDiagnostics (~> 9.0)
    - FirebaseCoreInternal (~> 9.0)
    - GoogleUtilities/Environment (~> 7.7)
    - GoogleUtilities/Logger (~> 7.7)
  - FirebaseCoreDiagnostics (9.6.0):
    - GoogleDataTransport (< 10.0.0, >= 9.1.4)
    - GoogleUtilities/Environment (~> 7.7)
    - GoogleUtilities/Logger (~> 7.7)
    - nanopb (< 2.30910.0, >= 2.30908.0)
  - FirebaseCoreInternal (9.6.0):
    - "GoogleUtilities/NSData+zlib (~> 7.7)"
  - FirebaseCrashlytics (9.6.0):
    - FirebaseCore (~> 9.0)
    - FirebaseInstallations (~> 9.0)
    - GoogleDataTransport (< 10.0.0, >= 9.1.4)
    - GoogleUtilities/Environment (~> 7.7)
    - nanopb (< 2.30910.0, >= 2.30908.0)
    - PromisesObjC (~> 2.1)
  - FirebaseInstallations (9.6.0):
    - FirebaseCore (~> 9.0)
    - GoogleUtilities/Environment (~> 7.7)
    - GoogleUtilities/UserDefaults (~> 7.7)
    - PromisesObjC (~> 2.1)
  - GoogleAppMeasurement (9.6.0):
    - GoogleAppMeasurement/AdIdSupport (= 9.6.0)
    - GoogleUtilities/AppDelegateSwizzler (~> 7.7)
    - GoogleUtilities/MethodSwizzler (~> 7.7)
    - GoogleUtilities/Network (~> 7.7)
    - "GoogleUtilities/NSData+zlib (~> 7.7)"
    - nanopb (< 2.30910.0, >= 2.30908.0)
  - GoogleAppMeasurement/AdIdSupport (9.6.0):
    - GoogleAppMeasurement/WithoutAdIdSupport (= 9.6.0)
    - GoogleUtilities/AppDelegateSwizzler (~> 7.7)
    - GoogleUtilities/MethodSwizzler (~> 7.7)
    - GoogleUtilities/Network (~> 7.7)
    - "GoogleUtilities/NSData+zlib (~> 7.7)"
    - nanopb (< 2.30910.0, >= 2.30908.0)
  - GoogleAppMeasurement/WithoutAdIdSupport (9.6.0):
    - GoogleUtilities/AppDelegateSwizzler (~> 7.7)
    - GoogleUtilities/MethodSwizzler (~> 7.7)
    - GoogleUtilities/Network (~> 7.7)
    - "GoogleUtilities/NSData+zlib (~> 7.7)"
    - nanopb (< 2.30910.0, >= 2.30908.0)
  - GoogleDataTransport (9.2.3):
    - GoogleUtilities/Environment (~> 7.7)
    - nanopb (< 2.30910.0, >= 2.30908.0)
    - PromisesObjC (< 3.0, >= 1.2)
  - GoogleUtilities/AppDelegateSwizzler (7.11.1):
    - GoogleUtilities/Environment
    - GoogleUtilities/Logger
    - GoogleUtilities/Network
  - GoogleUtilities/Environment (7.11.1):
    - PromisesObjC (< 3.0, >= 1.2)
  - GoogleUtilities/Logger (7.11.1):
    - GoogleUtilities/Environment
  - GoogleUtilities/MethodSwizzler (7.11.1):
    - GoogleUtilities/Logger
  - GoogleUtilities/Network (7.11.1):
    - GoogleUtilities/Logger
    - "GoogleUtilities/NSData+zlib"
    - GoogleUtilities/Reachability
  - "GoogleUtilities/NSData+zlib (7.11.1)"
  - GoogleUtilities/Reachability (7.11.1):
    - GoogleUtilities/Logger
  - GoogleUtilities/UserDefaults (7.11.1):
    - GoogleUtilities/Logger
  - nanopb (2.30909.0):
    - nanopb/decode (= 2.30909.0)
    - nanopb/encode (= 2.30909.0)
  - nanopb/decode (2.30909.0)
  - nanopb/encode (2.30909.0)
  - PromiseKit (6.18.1):
    - PromiseKit/CorePromise (= 6.18.1)
    - PromiseKit/Foundation (= 6.18.1)
    - PromiseKit/UIKit (= 6.18.1)
  - PromiseKit/CorePromise (6.18.1)
  - PromiseKit/Foundation (6.18.1):
    - PromiseKit/CorePromise
  - PromiseKit/UIKit (6.18.1):
    - PromiseKit/CorePromise
  - PromisesObjC (2.2.0)
  - Realm (10.39.1):
    - Realm/Headers (= 10.39.1)
  - Realm/Headers (10.39.1)
  - RealmSwift (10.39.1):
    - Realm (= 10.39.1)
  - Swinject (2.8.3)
  - SwinjectAutoregistration (2.8.3):
    - Swinject (~> 2.8.3)
  - YandexMobileMetrica (4.5.0):
    - YandexMobileMetrica/Static (= 4.5.0)
  - YandexMobileMetrica/Static (4.5.0):
    - YandexMobileMetrica/Static/Core (= 4.5.0)
    - YandexMobileMetrica/Static/Crashes (= 4.5.0)
  - YandexMobileMetrica/Static/Core (4.5.0)
  - YandexMobileMetrica/Static/Crashes (4.5.0):
    - YandexMobileMetrica/Static/Core

DEPENDENCIES:
  - Firebase/Analytics
  - Firebase/Crashlytics
  - PromiseKit
  - RealmSwift
  - Swinject
  - SwinjectAutoregistration
  - YandexMobileMetrica

SPEC REPOS:
  trunk:
    - Firebase
    - FirebaseAnalytics
    - FirebaseCore
    - FirebaseCoreDiagnostics
    - FirebaseCoreInternal
    - FirebaseCrashlytics
    - FirebaseInstallations
    - GoogleAppMeasurement
    - GoogleDataTransport
    - GoogleUtilities
    - nanopb
    - PromiseKit
    - PromisesObjC
    - Realm
    - RealmSwift
    - Swinject
    - SwinjectAutoregistration
    - YandexMobileMetrica

SPEC CHECKSUMS:
  Firebase: 5ae8b7cf8efce559a653aef0ad95bab3f427c351
  FirebaseAnalytics: 89ad762c6c3852a685794174757e2c60a36b6a82
  FirebaseCore: 2082fffcd855f95f883c0a1641133eb9bbe76d40
  FirebaseCoreDiagnostics: 99a495094b10a57eeb3ae8efa1665700ad0bdaa6
  FirebaseCoreInternal: bca76517fe1ed381e989f5e7d8abb0da8d85bed3
  FirebaseCrashlytics: 3210572ddb77801e5a0bd9d7bc890769f2066a0c
  FirebaseInstallations: 0a115432c4e223c5ab20b0dbbe4cbefa793a0e8e
  GoogleAppMeasurement: 6de2b1a69e4326eb82ee05d138f6a5cb7311bcb1
  GoogleDataTransport: f0308f5905a745f94fb91fea9c6cbaf3831cb1bd
  GoogleUtilities: 9aa0ad5a7bc171f8bae016300bfcfa3fb8425749
  nanopb: b552cce312b6c8484180ef47159bc0f65a1f0431
  PromiseKit: 49d70c53d5d20e346beaea4b276b5dd2ab446bb4
  PromisesObjC: 09985d6d70fbe7878040aa746d78236e6946d2ef
  Realm: 1f3157edf145f4d9036765ab550c8cb18f62b700
  RealmSwift: 8a69a1cb788cd5865966f49667b130567e07bceb
  Swinject: 893c9a543000ac2f10ee4cbaf0933c6992c935d5
  SwinjectAutoregistration: e3ee378dc458acf78d176fc7fec3902603452667
  YandexMobileMetrica: 7dafc7d224077d4443ab3a587b82b24e9b6cc9c7

PODFILE CHECKSUM: c2a068a7b8316c328e5567cb1de70f7b655d57fb

COCOAPODS: 1.12.1
