// !$*UTF8*$!
{
	archiveVersion = 1;
	classes = {
	};
	objectVersion = 55;
	objects = {

/* Begin PBXBuildFile section */
		E5061CE728CD116700E2787B /* Colors.xcassets in Resources */ = {isa = PBXBuildFile; fileRef = E5061CE628CD116700E2787B /* Colors.xcassets */; };
		E5061CEB28CD197400E2787B /* BottomInfoSheetViewScene.swift in Sources */ = {isa = PBXBuildFile; fileRef = E5061CE928CD197400E2787B /* BottomInfoSheetViewScene.swift */; };
		E5061CEC28CD197400E2787B /* BottomInfoSheetViewScene.xib in Resources */ = {isa = PBXBuildFile; fileRef = E5061CEA28CD197400E2787B /* BottomInfoSheetViewScene.xib */; };
		E5061CEE28CD198B00E2787B /* BottomInfoViewModel.swift in Sources */ = {isa = PBXBuildFile; fileRef = E5061CED28CD198B00E2787B /* BottomInfoViewModel.swift */; };
		E5061CF128CD20C500E2787B /* UIView+Extension.swift in Sources */ = {isa = PBXBuildFile; fileRef = E5061CF028CD20C500E2787B /* UIView+Extension.swift */; };
		E5061CF328CD258D00E2787B /* BottomInfoSheetModel.swift in Sources */ = {isa = PBXBuildFile; fileRef = E5061CF228CD258D00E2787B /* BottomInfoSheetModel.swift */; };
		E50ACA0829156CC200A8B432 /* PasswordShare.swift in Sources */ = {isa = PBXBuildFile; fileRef = E50ACA0729156CC200A8B432 /* PasswordShare.swift */; };
		E50E4308292D5368007FEBA4 /* Claim.swift in Sources */ = {isa = PBXBuildFile; fileRef = E50E4307292D5368007FEBA4 /* Claim.swift */; };
		E5108B4828BD38680067207A /* Distribute.swift in Sources */ = {isa = PBXBuildFile; fileRef = E5108B4728BD38680067207A /* Distribute.swift */; };
		E5108B4A28BD38DF0067207A /* AddSecretViewModel.swift in Sources */ = {isa = PBXBuildFile; fileRef = E5108B4928BD38DF0067207A /* AddSecretViewModel.swift */; };
		E5184200295E0C7F00B8F3BD /* ApplicationAssembly.swift in Sources */ = {isa = PBXBuildFile; fileRef = E51841FF295E0C7F00B8F3BD /* ApplicationAssembly.swift */; };
		E5184202295E0E3700B8F3BD /* CommonViewModel.swift in Sources */ = {isa = PBXBuildFile; fileRef = E5184201295E0E3700B8F3BD /* CommonViewModel.swift */; };
		E5184204295E117800B8F3BD /* CommonSceneView.swift in Sources */ = {isa = PBXBuildFile; fileRef = E5184203295E117800B8F3BD /* CommonSceneView.swift */; };
		E5184206295E14B800B8F3BD /* UIViewController+Extension.swift in Sources */ = {isa = PBXBuildFile; fileRef = E5184205295E14B800B8F3BD /* UIViewController+Extension.swift */; };
		E518420B295E29C000B8F3BD /* ApplicationRouterProtocol.swift in Sources */ = {isa = PBXBuildFile; fileRef = E518420A295E29C000B8F3BD /* ApplicationRouterProtocol.swift */; };
		E518420D295E2C4400B8F3BD /* ManagersAssembly.swift in Sources */ = {isa = PBXBuildFile; fileRef = E518420C295E2C4400B8F3BD /* ManagersAssembly.swift */; };
		E518420F295E345600B8F3BD /* UIWindow+Extension.swift in Sources */ = {isa = PBXBuildFile; fileRef = E518420E295E345600B8F3BD /* UIWindow+Extension.swift */; };
		E5184211295E472E00B8F3BD /* APIClientsAssembly.swift in Sources */ = {isa = PBXBuildFile; fileRef = E5184210295E472E00B8F3BD /* APIClientsAssembly.swift */; };
		E5184216295E4F3500B8F3BD /* OnboardingSceneViewModel.swift in Sources */ = {isa = PBXBuildFile; fileRef = E5184215295E4F3500B8F3BD /* OnboardingSceneViewModel.swift */; };
		E51867A429396CBA000DF023 /* UserSignature.swift in Sources */ = {isa = PBXBuildFile; fileRef = E51867A329396CBA000DF023 /* UserSignature.swift */; };
		E51867A629396FAF000DF023 /* BaseModel.swift in Sources */ = {isa = PBXBuildFile; fileRef = E51867A529396FAF000DF023 /* BaseModel.swift */; };
		E51867A9293973C6000DF023 /* DeviceInfo.swift in Sources */ = {isa = PBXBuildFile; fileRef = E51867A8293973C6000DF023 /* DeviceInfo.swift */; };
		E51ADE9028B7F6D700C6A87B /* CellSetupDate.swift in Sources */ = {isa = PBXBuildFile; fileRef = E51ADE8F28B7F6D700C6A87B /* CellSetupDate.swift */; };
		E51ADE9228B8109400C6A87B /* FindShares.swift in Sources */ = {isa = PBXBuildFile; fileRef = E51ADE9128B8109400C6A87B /* FindShares.swift */; };
		E51ADE9628B8193D00C6A87B /* AddSecretSceneView.swift in Sources */ = {isa = PBXBuildFile; fileRef = E51ADE9428B8193D00C6A87B /* AddSecretSceneView.swift */; };
		E51ADE9728B8193D00C6A87B /* AddSecretSceneView.xib in Resources */ = {isa = PBXBuildFile; fileRef = E51ADE9528B8193D00C6A87B /* AddSecretSceneView.xib */; };
		E520C953290F2FAB001DB36E /* JsonManager.swift in Sources */ = {isa = PBXBuildFile; fileRef = E520C952290F2FAB001DB36E /* JsonManager.swift */; };
		E52686F72901DBD20030A542 /* MetaSecret-Bridging-Header.h in Resources */ = {isa = PBXBuildFile; fileRef = E52686F32901D8570030A542 /* MetaSecret-Bridging-Header.h */; };
		E52B0875294BE47800041554 /* PlainText.swift in Sources */ = {isa = PBXBuildFile; fileRef = E52B0874294BE47800041554 /* PlainText.swift */; };
		E52E651828C8021E0028213A /* Secret.swift in Sources */ = {isa = PBXBuildFile; fileRef = E52E651728C8021E0028213A /* Secret.swift */; };
		E5332238293FCA81005E930D /* RestoreModel.swift in Sources */ = {isa = PBXBuildFile; fileRef = E5332237293FCA81005E930D /* RestoreModel.swift */; };
		E54153D62935457C009AA6F1 /* AeadCipherText.swift in Sources */ = {isa = PBXBuildFile; fileRef = E54153D52935457C009AA6F1 /* AeadCipherText.swift */; };
		E54205E928D123D300E763DB /* SceneSendDataModel.swift in Sources */ = {isa = PBXBuildFile; fileRef = E54205E828D123D300E763DB /* SceneSendDataModel.swift */; };
		E54294072970ADF2001B9A1A /* libmeta_secret_core_swift.a in Frameworks */ = {isa = PBXBuildFile; fileRef = E54294062970ADF2001B9A1A /* libmeta_secret_core_swift.a */; };
		E548679E28B6E37B00A1E5DB /* SecretsDataSource.swift in Sources */ = {isa = PBXBuildFile; fileRef = E548679D28B6E37B00A1E5DB /* SecretsDataSource.swift */; };
		E54867A128B6E3A300A1E5DB /* DevicesDataSource.swift in Sources */ = {isa = PBXBuildFile; fileRef = E54867A028B6E3A300A1E5DB /* DevicesDataSource.swift */; };
		E54867A328B6E3DE00A1E5DB /* MainScreeSourcable.swift in Sources */ = {isa = PBXBuildFile; fileRef = E54867A228B6E3DE00A1E5DB /* MainScreeSourcable.swift */; };
		E54867A528B6E94800A1E5DB /* MainScreenSource.swift in Sources */ = {isa = PBXBuildFile; fileRef = E54867A428B6E94800A1E5DB /* MainScreenSource.swift */; };
		E54EFA9B291721F30049DD81 /* EncodeShare.swift in Sources */ = {isa = PBXBuildFile; fileRef = E54EFA9A291721F20049DD81 /* EncodeShare.swift */; };
		E55A226F28B0357900F5F02B /* Register.swift in Sources */ = {isa = PBXBuildFile; fileRef = E55A226E28B0357900F5F02B /* Register.swift */; };
		E55A227128B0399A00F5F02B /* HTTPRequest.swift in Sources */ = {isa = PBXBuildFile; fileRef = E55A227028B0399A00F5F02B /* HTTPRequest.swift */; };
		E55A227B28B05ACE00F5F02B /* GetVault.swift in Sources */ = {isa = PBXBuildFile; fileRef = E55A227A28B05ACE00F5F02B /* GetVault.swift */; };
		E55A227D28B0611800F5F02B /* Accept.swift in Sources */ = {isa = PBXBuildFile; fileRef = E55A227C28B0611800F5F02B /* Accept.swift */; };
		E55AC12528C7DFB000757C0C /* DBManager.swift in Sources */ = {isa = PBXBuildFile; fileRef = E55AC12428C7DFB000757C0C /* DBManager.swift */; };
		E55AC12728C7EB5300757C0C /* String+Extension.swift in Sources */ = {isa = PBXBuildFile; fileRef = E55AC12628C7EB5300757C0C /* String+Extension.swift */; };
		E55B514228CD43A000373959 /* UIFont+Extension.swift in Sources */ = {isa = PBXBuildFile; fileRef = E55B514128CD43A000373959 /* UIFont+Extension.swift */; };
		E55B514528CE92F300373959 /* PopupHintViewScene.swift in Sources */ = {isa = PBXBuildFile; fileRef = E55B514328CE92F300373959 /* PopupHintViewScene.swift */; };
		E55B514628CE92F300373959 /* PopupHintViewScene.xib in Resources */ = {isa = PBXBuildFile; fileRef = E55B514428CE92F300373959 /* PopupHintViewScene.xib */; };
		E5643BD728FF5EBB00DD7FF7 /* MetaSecretCoreWrapper.swift in Sources */ = {isa = PBXBuildFile; fileRef = E5643BD628FF5EBB00DD7FF7 /* MetaSecretCoreWrapper.swift */; };
		E56FD13B28B111CA00AA6CA3 /* SigningManager.swift in Sources */ = {isa = PBXBuildFile; fileRef = E56FD13A28B111CA00AA6CA3 /* SigningManager.swift */; };
		E5731C692947D8FA004B0095 /* DistributionManager.swift in Sources */ = {isa = PBXBuildFile; fileRef = E5731C682947D8FA004B0095 /* DistributionManager.swift */; };
		E57E6B5428B3EFFC00906DBD /* MainSceneView.swift in Sources */ = {isa = PBXBuildFile; fileRef = E57E6B5228B3EFFC00906DBD /* MainSceneView.swift */; };
		E57E6B5528B3EFFC00906DBD /* MainSceneView.xib in Resources */ = {isa = PBXBuildFile; fileRef = E57E6B5328B3EFFC00906DBD /* MainSceneView.xib */; };
		E57E6B5728B3F00900906DBD /* MainSceneViewModel.swift in Sources */ = {isa = PBXBuildFile; fileRef = E57E6B5628B3F00900906DBD /* MainSceneViewModel.swift */; };
		E57E6B5A28B3F04B00906DBD /* SplashSceneView.swift in Sources */ = {isa = PBXBuildFile; fileRef = E57E6B5828B3F04B00906DBD /* SplashSceneView.swift */; };
		E57E6B5B28B3F04B00906DBD /* SplashSceneView.xib in Resources */ = {isa = PBXBuildFile; fileRef = E57E6B5928B3F04B00906DBD /* SplashSceneView.xib */; };
		E57E6B6528B4199000906DBD /* Decline.swift in Sources */ = {isa = PBXBuildFile; fileRef = E57E6B6428B4198F00906DBD /* Decline.swift */; };
		E580002A288CA4D000E1135C /* AppDelegate.swift in Sources */ = {isa = PBXBuildFile; fileRef = E5800029288CA4D000E1135C /* AppDelegate.swift */; };
		E5800031288CA4D000E1135C /* Main.storyboard in Resources */ = {isa = PBXBuildFile; fileRef = E580002F288CA4D000E1135C /* Main.storyboard */; };
		E5800033288CA4D200E1135C /* Assets.xcassets in Resources */ = {isa = PBXBuildFile; fileRef = E5800032288CA4D200E1135C /* Assets.xcassets */; };
		E5800036288CA4D200E1135C /* LaunchScreen.storyboard in Resources */ = {isa = PBXBuildFile; fileRef = E5800034288CA4D200E1135C /* LaunchScreen.storyboard */; };
		E588252228D3A62600FB01B0 /* OnboardingSceneView.swift in Sources */ = {isa = PBXBuildFile; fileRef = E588252028D3A62600FB01B0 /* OnboardingSceneView.swift */; };
		E588252328D3A62600FB01B0 /* OnboardingSceneView.xib in Resources */ = {isa = PBXBuildFile; fileRef = E588252128D3A62600FB01B0 /* OnboardingSceneView.xib */; };
		E588252728D3B53400FB01B0 /* OnboardingCollectionViewCell.swift in Sources */ = {isa = PBXBuildFile; fileRef = E588252528D3B53400FB01B0 /* OnboardingCollectionViewCell.swift */; };
		E588252828D3B53400FB01B0 /* OnboardingCollectionViewCell.xib in Resources */ = {isa = PBXBuildFile; fileRef = E588252628D3B53400FB01B0 /* OnboardingCollectionViewCell.xib */; };
		E588252A28D3B5E100FB01B0 /* UICollectionView+Extension.swift in Sources */ = {isa = PBXBuildFile; fileRef = E588252928D3B5E100FB01B0 /* UICollectionView+Extension.swift */; };
		E588252C28D3D97000FB01B0 /* AppImages.swift in Sources */ = {isa = PBXBuildFile; fileRef = E588252B28D3D97000FB01B0 /* AppImages.swift */; };
		E588253728D5448E00FB01B0 /* Localizable.strings in Resources */ = {isa = PBXBuildFile; fileRef = E588253928D5448E00FB01B0 /* Localizable.strings */; };
		E58E3B86292639D50018B136 /* Base64EncodedText.swift in Sources */ = {isa = PBXBuildFile; fileRef = E58E3B85292639D50018B136 /* Base64EncodedText.swift */; };
		E58E3B87292639D50018B136 /* Base64EncodedText.swift in Sources */ = {isa = PBXBuildFile; fileRef = E58E3B85292639D50018B136 /* Base64EncodedText.swift */; };
		E58E3B89292649670018B136 /* MetaSecretErrors.swift in Sources */ = {isa = PBXBuildFile; fileRef = E58E3B88292649670018B136 /* MetaSecretErrors.swift */; };
		E592C8AF28DBB1DD0038458E /* Date+Extenson.swift in Sources */ = {isa = PBXBuildFile; fileRef = E592C8AE28DBB1DD0038458E /* Date+Extenson.swift */; };
		E5A64F2B28B26284007982BD /* RootControllerManager.swift in Sources */ = {isa = PBXBuildFile; fileRef = E5A64F2A28B26283007982BD /* RootControllerManager.swift */; };
		E5B64C3D292663510079A5CC /* SharesManager.swift in Sources */ = {isa = PBXBuildFile; fileRef = E5B64C3C292663510079A5CC /* SharesManager.swift */; };
		E5B98CC1292D7DFD006BFC6A /* FindClaims.swift in Sources */ = {isa = PBXBuildFile; fileRef = E5B98CC0292D7DFD006BFC6A /* FindClaims.swift */; };
		E5C4CA622961E9E900DA8A5C /* UIFactory.swift in Sources */ = {isa = PBXBuildFile; fileRef = E5C4CA612961E9E900DA8A5C /* UIFactory.swift */; };
		E5C4CA64296358E100DA8A5C /* APIManager.swift in Sources */ = {isa = PBXBuildFile; fileRef = E5C4CA63296358E100DA8A5C /* APIManager.swift */; };
		E5C4CA66296363D000DA8A5C /* AuthorizationService.swift in Sources */ = {isa = PBXBuildFile; fileRef = E5C4CA65296363D000DA8A5C /* AuthorizationService.swift */; };
		E5C4CA6A29636E5300DA8A5C /* VaultAPIService.swift in Sources */ = {isa = PBXBuildFile; fileRef = E5C4CA6929636E5300DA8A5C /* VaultAPIService.swift */; };
		E5C4CA6C2963720300DA8A5C /* ShareAPIService.swift in Sources */ = {isa = PBXBuildFile; fileRef = E5C4CA6B2963720300DA8A5C /* ShareAPIService.swift */; };
		E5C5111029428C9600F7BFC0 /* MetaPassId.swift in Sources */ = {isa = PBXBuildFile; fileRef = E5C5110F29428C9600F7BFC0 /* MetaPassId.swift */; };
		E5C7116B28BE9DE200D53CA8 /* DeviceInfoSceneView.swift in Sources */ = {isa = PBXBuildFile; fileRef = E5C7116928BE9DE200D53CA8 /* DeviceInfoSceneView.swift */; };
		E5C7116C28BE9DE200D53CA8 /* DeviceInfoSceneView.xib in Resources */ = {isa = PBXBuildFile; fileRef = E5C7116A28BE9DE200D53CA8 /* DeviceInfoSceneView.xib */; };
		E5C7116E28BE9DF100D53CA8 /* DeviceInfoSceneViewModel.swift in Sources */ = {isa = PBXBuildFile; fileRef = E5C7116D28BE9DF100D53CA8 /* DeviceInfoSceneViewModel.swift */; };
		E5CE3D0528C92B880022A06F /* SelectDeviceSceneView.swift in Sources */ = {isa = PBXBuildFile; fileRef = E5CE3D0328C92B880022A06F /* SelectDeviceSceneView.swift */; };
		E5CE3D0628C92B880022A06F /* SelectDeviceSceneView.xib in Resources */ = {isa = PBXBuildFile; fileRef = E5CE3D0428C92B880022A06F /* SelectDeviceSceneView.xib */; };
		E5CE3D0828C92B9A0022A06F /* SelectDeviceViewModel.swift in Sources */ = {isa = PBXBuildFile; fileRef = E5CE3D0728C92B9A0022A06F /* SelectDeviceViewModel.swift */; };
		E5DA4DAE2905889600893DF2 /* MetaSecretCoreWrapper.swift in Sources */ = {isa = PBXBuildFile; fileRef = E5643BD628FF5EBB00DD7FF7 /* MetaSecretCoreWrapper.swift */; };
		E5DA4DB12905931F00893DF2 /* meta-secret-core.h in Sources */ = {isa = PBXBuildFile; fileRef = E52686F42901D8A90030A542 /* meta-secret-core.h */; };
		E5F0C3F828A82B5500902310 /* SecurityManager.swift in Sources */ = {isa = PBXBuildFile; fileRef = E5F0C3F728A82B5500902310 /* SecurityManager.swift */; };
		E5F0C3FA28A82D0800902310 /* VaultDoc.swift in Sources */ = {isa = PBXBuildFile; fileRef = E5F0C3F928A82D0800902310 /* VaultDoc.swift */; };
		E5F0C3FD28A82E0700902310 /* LoginSceneView.swift in Sources */ = {isa = PBXBuildFile; fileRef = E5F0C3FB28A82E0700902310 /* LoginSceneView.swift */; };
		E5F0C3FE28A82E0700902310 /* LoginSceneView.xib in Resources */ = {isa = PBXBuildFile; fileRef = E5F0C3FC28A82E0700902310 /* LoginSceneView.xib */; };
		E5F0C40028A82E1900902310 /* LoginSceneViewModel.swift in Sources */ = {isa = PBXBuildFile; fileRef = E5F0C3FF28A82E1900902310 /* LoginSceneViewModel.swift */; };
		E5F0C40328A836B000902310 /* Constants.swift in Sources */ = {isa = PBXBuildFile; fileRef = E5F0C40228A836B000902310 /* Constants.swift */; };
		E5F0C40828A83ECC00902310 /* AlertManager.swift in Sources */ = {isa = PBXBuildFile; fileRef = E5F0C40728A83ECC00902310 /* AlertManager.swift */; };
		E5F0C40A28A83FFA00902310 /* AlertModel.swift in Sources */ = {isa = PBXBuildFile; fileRef = E5F0C40928A83FFA00902310 /* AlertModel.swift */; };
		E5F0C40C28A9877C00902310 /* Color+extension.swift in Sources */ = {isa = PBXBuildFile; fileRef = E5F0C40B28A9877C00902310 /* Color+extension.swift */; };
		E5F0C40E28A9878D00902310 /* AppColors.swift in Sources */ = {isa = PBXBuildFile; fileRef = E5F0C40D28A9878D00902310 /* AppColors.swift */; };
		E5F0C41028A9958100902310 /* UD.swift in Sources */ = {isa = PBXBuildFile; fileRef = E5F0C40F28A9958100902310 /* UD.swift */; };
		E5FF621D28B5957F00A794F3 /* ClusterDeviceCell.swift in Sources */ = {isa = PBXBuildFile; fileRef = E5FF621B28B5957F00A794F3 /* ClusterDeviceCell.swift */; };
		E5FF621E28B5957F00A794F3 /* ClusterDeviceCell.xib in Resources */ = {isa = PBXBuildFile; fileRef = E5FF621C28B5957F00A794F3 /* ClusterDeviceCell.xib */; };
/* End PBXBuildFile section */

/* Begin PBXContainerItemProxy section */
		E558ED9828F5FD9F0018F045 /* PBXContainerItemProxy */ = {
			isa = PBXContainerItemProxy;
			containerPortal = E580001E288CA4D000E1135C /* Project object */;
			proxyType = 1;
			remoteGlobalIDString = E5800025288CA4D000E1135C;
			remoteInfo = MetaSecret;
		};
/* End PBXContainerItemProxy section */

/* Begin PBXFileReference section */
		661A42FDDF38EBE81840D342 /* Pods-MetaSecret.debug.xcconfig */ = {isa = PBXFileReference; includeInIndex = 1; lastKnownFileType = text.xcconfig; name = "Pods-MetaSecret.debug.xcconfig"; path = "Target Support Files/Pods-MetaSecret/Pods-MetaSecret.debug.xcconfig"; sourceTree = "<group>"; };
		E5061CE628CD116700E2787B /* Colors.xcassets */ = {isa = PBXFileReference; lastKnownFileType = folder.assetcatalog; path = Colors.xcassets; sourceTree = "<group>"; };
		E5061CE928CD197400E2787B /* BottomInfoSheetViewScene.swift */ = {isa = PBXFileReference; lastKnownFileType = sourcecode.swift; path = BottomInfoSheetViewScene.swift; sourceTree = "<group>"; };
		E5061CEA28CD197400E2787B /* BottomInfoSheetViewScene.xib */ = {isa = PBXFileReference; lastKnownFileType = file.xib; path = BottomInfoSheetViewScene.xib; sourceTree = "<group>"; };
		E5061CED28CD198B00E2787B /* BottomInfoViewModel.swift */ = {isa = PBXFileReference; lastKnownFileType = sourcecode.swift; path = BottomInfoViewModel.swift; sourceTree = "<group>"; };
		E5061CF028CD20C500E2787B /* UIView+Extension.swift */ = {isa = PBXFileReference; lastKnownFileType = sourcecode.swift; path = "UIView+Extension.swift"; sourceTree = "<group>"; };
		E5061CF228CD258D00E2787B /* BottomInfoSheetModel.swift */ = {isa = PBXFileReference; lastKnownFileType = sourcecode.swift; path = BottomInfoSheetModel.swift; sourceTree = "<group>"; };
		E50ACA0729156CC200A8B432 /* PasswordShare.swift */ = {isa = PBXFileReference; lastKnownFileType = sourcecode.swift; path = PasswordShare.swift; sourceTree = "<group>"; };
		E50E4307292D5368007FEBA4 /* Claim.swift */ = {isa = PBXFileReference; lastKnownFileType = sourcecode.swift; path = Claim.swift; sourceTree = "<group>"; };
		E5108B4728BD38680067207A /* Distribute.swift */ = {isa = PBXFileReference; lastKnownFileType = sourcecode.swift; path = Distribute.swift; sourceTree = "<group>"; };
		E5108B4928BD38DF0067207A /* AddSecretViewModel.swift */ = {isa = PBXFileReference; lastKnownFileType = sourcecode.swift; path = AddSecretViewModel.swift; sourceTree = "<group>"; };
		E51841FF295E0C7F00B8F3BD /* ApplicationAssembly.swift */ = {isa = PBXFileReference; lastKnownFileType = sourcecode.swift; path = ApplicationAssembly.swift; sourceTree = "<group>"; };
		E5184201295E0E3700B8F3BD /* CommonViewModel.swift */ = {isa = PBXFileReference; lastKnownFileType = sourcecode.swift; path = CommonViewModel.swift; sourceTree = "<group>"; };
		E5184203295E117800B8F3BD /* CommonSceneView.swift */ = {isa = PBXFileReference; lastKnownFileType = sourcecode.swift; path = CommonSceneView.swift; sourceTree = "<group>"; };
		E5184205295E14B800B8F3BD /* UIViewController+Extension.swift */ = {isa = PBXFileReference; lastKnownFileType = sourcecode.swift; path = "UIViewController+Extension.swift"; sourceTree = "<group>"; };
		E518420A295E29C000B8F3BD /* ApplicationRouterProtocol.swift */ = {isa = PBXFileReference; lastKnownFileType = sourcecode.swift; path = ApplicationRouterProtocol.swift; sourceTree = "<group>"; };
		E518420C295E2C4400B8F3BD /* ManagersAssembly.swift */ = {isa = PBXFileReference; lastKnownFileType = sourcecode.swift; path = ManagersAssembly.swift; sourceTree = "<group>"; };
		E518420E295E345600B8F3BD /* UIWindow+Extension.swift */ = {isa = PBXFileReference; lastKnownFileType = sourcecode.swift; path = "UIWindow+Extension.swift"; sourceTree = "<group>"; };
		E5184210295E472E00B8F3BD /* APIClientsAssembly.swift */ = {isa = PBXFileReference; lastKnownFileType = sourcecode.swift; path = APIClientsAssembly.swift; sourceTree = "<group>"; };
		E5184215295E4F3500B8F3BD /* OnboardingSceneViewModel.swift */ = {isa = PBXFileReference; lastKnownFileType = sourcecode.swift; path = OnboardingSceneViewModel.swift; sourceTree = "<group>"; };
		E51867A329396CBA000DF023 /* UserSignature.swift */ = {isa = PBXFileReference; lastKnownFileType = sourcecode.swift; path = UserSignature.swift; sourceTree = "<group>"; };
		E51867A529396FAF000DF023 /* BaseModel.swift */ = {isa = PBXFileReference; lastKnownFileType = sourcecode.swift; path = BaseModel.swift; sourceTree = "<group>"; };
		E51867A8293973C6000DF023 /* DeviceInfo.swift */ = {isa = PBXFileReference; lastKnownFileType = sourcecode.swift; path = DeviceInfo.swift; sourceTree = "<group>"; };
		E51ADE8F28B7F6D700C6A87B /* CellSetupDate.swift */ = {isa = PBXFileReference; lastKnownFileType = sourcecode.swift; path = CellSetupDate.swift; sourceTree = "<group>"; };
		E51ADE9128B8109400C6A87B /* FindShares.swift */ = {isa = PBXFileReference; lastKnownFileType = sourcecode.swift; path = FindShares.swift; sourceTree = "<group>"; };
		E51ADE9428B8193D00C6A87B /* AddSecretSceneView.swift */ = {isa = PBXFileReference; lastKnownFileType = sourcecode.swift; path = AddSecretSceneView.swift; sourceTree = "<group>"; };
		E51ADE9528B8193D00C6A87B /* AddSecretSceneView.xib */ = {isa = PBXFileReference; lastKnownFileType = file.xib; path = AddSecretSceneView.xib; sourceTree = "<group>"; };
		E520C952290F2FAB001DB36E /* JsonManager.swift */ = {isa = PBXFileReference; lastKnownFileType = sourcecode.swift; path = JsonManager.swift; sourceTree = "<group>"; };
		E52686F32901D8570030A542 /* MetaSecret-Bridging-Header.h */ = {isa = PBXFileReference; lastKnownFileType = sourcecode.c.h; path = "MetaSecret-Bridging-Header.h"; sourceTree = "<group>"; };
		E52686F42901D8A90030A542 /* meta-secret-core.h */ = {isa = PBXFileReference; fileEncoding = 4; lastKnownFileType = sourcecode.c.h; path = "meta-secret-core.h"; sourceTree = "<group>"; };
		E52B0874294BE47800041554 /* PlainText.swift */ = {isa = PBXFileReference; lastKnownFileType = sourcecode.swift; path = PlainText.swift; sourceTree = "<group>"; };
		E52E651728C8021E0028213A /* Secret.swift */ = {isa = PBXFileReference; lastKnownFileType = sourcecode.swift; path = Secret.swift; sourceTree = "<group>"; };
		E5332237293FCA81005E930D /* RestoreModel.swift */ = {isa = PBXFileReference; lastKnownFileType = sourcecode.swift; path = RestoreModel.swift; sourceTree = "<group>"; };
		E54153D52935457C009AA6F1 /* AeadCipherText.swift */ = {isa = PBXFileReference; lastKnownFileType = sourcecode.swift; path = AeadCipherText.swift; sourceTree = "<group>"; };
		E54205E828D123D300E763DB /* SceneSendDataModel.swift */ = {isa = PBXFileReference; lastKnownFileType = sourcecode.swift; path = SceneSendDataModel.swift; sourceTree = "<group>"; };
		E54294062970ADF2001B9A1A /* libmeta_secret_core_swift.a */ = {isa = PBXFileReference; lastKnownFileType = archive.ar; path = libmeta_secret_core_swift.a; sourceTree = "<group>"; };
		E548679D28B6E37B00A1E5DB /* SecretsDataSource.swift */ = {isa = PBXFileReference; lastKnownFileType = sourcecode.swift; path = SecretsDataSource.swift; sourceTree = "<group>"; };
		E54867A028B6E3A300A1E5DB /* DevicesDataSource.swift */ = {isa = PBXFileReference; lastKnownFileType = sourcecode.swift; path = DevicesDataSource.swift; sourceTree = "<group>"; };
		E54867A228B6E3DE00A1E5DB /* MainScreeSourcable.swift */ = {isa = PBXFileReference; lastKnownFileType = sourcecode.swift; path = MainScreeSourcable.swift; sourceTree = "<group>"; };
		E54867A428B6E94800A1E5DB /* MainScreenSource.swift */ = {isa = PBXFileReference; lastKnownFileType = sourcecode.swift; path = MainScreenSource.swift; sourceTree = "<group>"; };
		E54EFA9A291721F20049DD81 /* EncodeShare.swift */ = {isa = PBXFileReference; lastKnownFileType = sourcecode.swift; path = EncodeShare.swift; sourceTree = "<group>"; };
		E558ED9428F5FD9F0018F045 /* MetaSecretTests.xctest */ = {isa = PBXFileReference; explicitFileType = wrapper.cfbundle; includeInIndex = 0; path = MetaSecretTests.xctest; sourceTree = BUILT_PRODUCTS_DIR; };
		E55A226E28B0357900F5F02B /* Register.swift */ = {isa = PBXFileReference; lastKnownFileType = sourcecode.swift; path = Register.swift; sourceTree = "<group>"; };
		E55A227028B0399A00F5F02B /* HTTPRequest.swift */ = {isa = PBXFileReference; lastKnownFileType = sourcecode.swift; path = HTTPRequest.swift; sourceTree = "<group>"; };
		E55A227A28B05ACE00F5F02B /* GetVault.swift */ = {isa = PBXFileReference; lastKnownFileType = sourcecode.swift; path = GetVault.swift; sourceTree = "<group>"; };
		E55A227C28B0611800F5F02B /* Accept.swift */ = {isa = PBXFileReference; lastKnownFileType = sourcecode.swift; path = Accept.swift; sourceTree = "<group>"; };
		E55AC12428C7DFB000757C0C /* DBManager.swift */ = {isa = PBXFileReference; lastKnownFileType = sourcecode.swift; path = DBManager.swift; sourceTree = "<group>"; };
		E55AC12628C7EB5300757C0C /* String+Extension.swift */ = {isa = PBXFileReference; lastKnownFileType = sourcecode.swift; path = "String+Extension.swift"; sourceTree = "<group>"; };
		E55B514128CD43A000373959 /* UIFont+Extension.swift */ = {isa = PBXFileReference; lastKnownFileType = sourcecode.swift; path = "UIFont+Extension.swift"; sourceTree = "<group>"; };
		E55B514328CE92F300373959 /* PopupHintViewScene.swift */ = {isa = PBXFileReference; lastKnownFileType = sourcecode.swift; path = PopupHintViewScene.swift; sourceTree = "<group>"; };
		E55B514428CE92F300373959 /* PopupHintViewScene.xib */ = {isa = PBXFileReference; lastKnownFileType = file.xib; path = PopupHintViewScene.xib; sourceTree = "<group>"; };
		E5643BD628FF5EBB00DD7FF7 /* MetaSecretCoreWrapper.swift */ = {isa = PBXFileReference; lastKnownFileType = sourcecode.swift; path = MetaSecretCoreWrapper.swift; sourceTree = "<group>"; };
		E56FD13A28B111CA00AA6CA3 /* SigningManager.swift */ = {isa = PBXFileReference; lastKnownFileType = sourcecode.swift; path = SigningManager.swift; sourceTree = "<group>"; };
		E5731C682947D8FA004B0095 /* DistributionManager.swift */ = {isa = PBXFileReference; lastKnownFileType = sourcecode.swift; path = DistributionManager.swift; sourceTree = "<group>"; };
		E57E6B5228B3EFFC00906DBD /* MainSceneView.swift */ = {isa = PBXFileReference; lastKnownFileType = sourcecode.swift; path = MainSceneView.swift; sourceTree = "<group>"; };
		E57E6B5328B3EFFC00906DBD /* MainSceneView.xib */ = {isa = PBXFileReference; lastKnownFileType = file.xib; path = MainSceneView.xib; sourceTree = "<group>"; };
		E57E6B5628B3F00900906DBD /* MainSceneViewModel.swift */ = {isa = PBXFileReference; lastKnownFileType = sourcecode.swift; path = MainSceneViewModel.swift; sourceTree = "<group>"; };
		E57E6B5828B3F04B00906DBD /* SplashSceneView.swift */ = {isa = PBXFileReference; lastKnownFileType = sourcecode.swift; path = SplashSceneView.swift; sourceTree = "<group>"; };
		E57E6B5928B3F04B00906DBD /* SplashSceneView.xib */ = {isa = PBXFileReference; lastKnownFileType = file.xib; path = SplashSceneView.xib; sourceTree = "<group>"; };
		E57E6B6428B4198F00906DBD /* Decline.swift */ = {isa = PBXFileReference; lastKnownFileType = sourcecode.swift; path = Decline.swift; sourceTree = "<group>"; };
		E5800026288CA4D000E1135C /* MetaSecret.app */ = {isa = PBXFileReference; explicitFileType = wrapper.application; includeInIndex = 0; path = MetaSecret.app; sourceTree = BUILT_PRODUCTS_DIR; };
		E5800029288CA4D000E1135C /* AppDelegate.swift */ = {isa = PBXFileReference; lastKnownFileType = sourcecode.swift; path = AppDelegate.swift; sourceTree = "<group>"; };
		E5800030288CA4D000E1135C /* Base */ = {isa = PBXFileReference; lastKnownFileType = file.storyboard; name = Base; path = Base.lproj/Main.storyboard; sourceTree = "<group>"; };
		E5800032288CA4D200E1135C /* Assets.xcassets */ = {isa = PBXFileReference; lastKnownFileType = folder.assetcatalog; path = Assets.xcassets; sourceTree = "<group>"; };
		E5800035288CA4D200E1135C /* Base */ = {isa = PBXFileReference; lastKnownFileType = file.storyboard; name = Base; path = Base.lproj/LaunchScreen.storyboard; sourceTree = "<group>"; };
		E5800037288CA4D300E1135C /* Info.plist */ = {isa = PBXFileReference; lastKnownFileType = text.plist.xml; path = Info.plist; sourceTree = "<group>"; };
		E588252028D3A62600FB01B0 /* OnboardingSceneView.swift */ = {isa = PBXFileReference; fileEncoding = 4; lastKnownFileType = sourcecode.swift; path = OnboardingSceneView.swift; sourceTree = "<group>"; };
		E588252128D3A62600FB01B0 /* OnboardingSceneView.xib */ = {isa = PBXFileReference; fileEncoding = 4; lastKnownFileType = file.xib; path = OnboardingSceneView.xib; sourceTree = "<group>"; };
		E588252528D3B53400FB01B0 /* OnboardingCollectionViewCell.swift */ = {isa = PBXFileReference; fileEncoding = 4; lastKnownFileType = sourcecode.swift; path = OnboardingCollectionViewCell.swift; sourceTree = "<group>"; };
		E588252628D3B53400FB01B0 /* OnboardingCollectionViewCell.xib */ = {isa = PBXFileReference; fileEncoding = 4; lastKnownFileType = file.xib; path = OnboardingCollectionViewCell.xib; sourceTree = "<group>"; };
		E588252928D3B5E100FB01B0 /* UICollectionView+Extension.swift */ = {isa = PBXFileReference; lastKnownFileType = sourcecode.swift; path = "UICollectionView+Extension.swift"; sourceTree = "<group>"; };
		E588252B28D3D97000FB01B0 /* AppImages.swift */ = {isa = PBXFileReference; lastKnownFileType = sourcecode.swift; path = AppImages.swift; sourceTree = "<group>"; };
		E588253328D5440900FB01B0 /* ru */ = {isa = PBXFileReference; lastKnownFileType = text.plist.strings; name = ru; path = ru.lproj/Main.strings; sourceTree = "<group>"; };
		E588253428D5440A00FB01B0 /* ru */ = {isa = PBXFileReference; lastKnownFileType = text.plist.strings; name = ru; path = ru.lproj/LaunchScreen.strings; sourceTree = "<group>"; };
		E588253828D5448E00FB01B0 /* ru */ = {isa = PBXFileReference; lastKnownFileType = text.plist.strings; name = ru; path = ru.lproj/Localizable.strings; sourceTree = "<group>"; };
		E588253A28D5449000FB01B0 /* en */ = {isa = PBXFileReference; lastKnownFileType = text.plist.strings; name = en; path = en.lproj/Localizable.strings; sourceTree = "<group>"; };
		E58E3B85292639D50018B136 /* Base64EncodedText.swift */ = {isa = PBXFileReference; lastKnownFileType = sourcecode.swift; path = Base64EncodedText.swift; sourceTree = "<group>"; };
		E58E3B88292649670018B136 /* MetaSecretErrors.swift */ = {isa = PBXFileReference; lastKnownFileType = sourcecode.swift; path = MetaSecretErrors.swift; sourceTree = "<group>"; };
		E592C8AE28DBB1DD0038458E /* Date+Extenson.swift */ = {isa = PBXFileReference; lastKnownFileType = sourcecode.swift; path = "Date+Extenson.swift"; sourceTree = "<group>"; };
		E5A64F2A28B26283007982BD /* RootControllerManager.swift */ = {isa = PBXFileReference; lastKnownFileType = sourcecode.swift; path = RootControllerManager.swift; sourceTree = "<group>"; };
		E5B64C3C292663510079A5CC /* SharesManager.swift */ = {isa = PBXFileReference; lastKnownFileType = sourcecode.swift; path = SharesManager.swift; sourceTree = "<group>"; };
		E5B98CC0292D7DFD006BFC6A /* FindClaims.swift */ = {isa = PBXFileReference; lastKnownFileType = sourcecode.swift; path = FindClaims.swift; sourceTree = "<group>"; };
		E5C4CA612961E9E900DA8A5C /* UIFactory.swift */ = {isa = PBXFileReference; lastKnownFileType = sourcecode.swift; path = UIFactory.swift; sourceTree = "<group>"; };
		E5C4CA63296358E100DA8A5C /* APIManager.swift */ = {isa = PBXFileReference; lastKnownFileType = sourcecode.swift; path = APIManager.swift; sourceTree = "<group>"; };
		E5C4CA65296363D000DA8A5C /* AuthorizationService.swift */ = {isa = PBXFileReference; lastKnownFileType = sourcecode.swift; path = AuthorizationService.swift; sourceTree = "<group>"; };
		E5C4CA6929636E5300DA8A5C /* VaultAPIService.swift */ = {isa = PBXFileReference; lastKnownFileType = sourcecode.swift; path = VaultAPIService.swift; sourceTree = "<group>"; };
		E5C4CA6B2963720300DA8A5C /* ShareAPIService.swift */ = {isa = PBXFileReference; lastKnownFileType = sourcecode.swift; path = ShareAPIService.swift; sourceTree = "<group>"; };
		E5C5110F29428C9600F7BFC0 /* MetaPassId.swift */ = {isa = PBXFileReference; lastKnownFileType = sourcecode.swift; path = MetaPassId.swift; sourceTree = "<group>"; };
		E5C7116928BE9DE200D53CA8 /* DeviceInfoSceneView.swift */ = {isa = PBXFileReference; lastKnownFileType = sourcecode.swift; path = DeviceInfoSceneView.swift; sourceTree = "<group>"; };
		E5C7116A28BE9DE200D53CA8 /* DeviceInfoSceneView.xib */ = {isa = PBXFileReference; lastKnownFileType = file.xib; path = DeviceInfoSceneView.xib; sourceTree = "<group>"; };
		E5C7116D28BE9DF100D53CA8 /* DeviceInfoSceneViewModel.swift */ = {isa = PBXFileReference; lastKnownFileType = sourcecode.swift; path = DeviceInfoSceneViewModel.swift; sourceTree = "<group>"; };
		E5CE3D0328C92B880022A06F /* SelectDeviceSceneView.swift */ = {isa = PBXFileReference; lastKnownFileType = sourcecode.swift; path = SelectDeviceSceneView.swift; sourceTree = "<group>"; };
		E5CE3D0428C92B880022A06F /* SelectDeviceSceneView.xib */ = {isa = PBXFileReference; lastKnownFileType = file.xib; path = SelectDeviceSceneView.xib; sourceTree = "<group>"; };
		E5CE3D0728C92B9A0022A06F /* SelectDeviceViewModel.swift */ = {isa = PBXFileReference; lastKnownFileType = sourcecode.swift; path = SelectDeviceViewModel.swift; sourceTree = "<group>"; };
		E5F0C3F728A82B5500902310 /* SecurityManager.swift */ = {isa = PBXFileReference; lastKnownFileType = sourcecode.swift; path = SecurityManager.swift; sourceTree = "<group>"; };
		E5F0C3F928A82D0800902310 /* VaultDoc.swift */ = {isa = PBXFileReference; lastKnownFileType = sourcecode.swift; path = VaultDoc.swift; sourceTree = "<group>"; };
		E5F0C3FB28A82E0700902310 /* LoginSceneView.swift */ = {isa = PBXFileReference; lastKnownFileType = sourcecode.swift; path = LoginSceneView.swift; sourceTree = "<group>"; };
		E5F0C3FC28A82E0700902310 /* LoginSceneView.xib */ = {isa = PBXFileReference; lastKnownFileType = file.xib; path = LoginSceneView.xib; sourceTree = "<group>"; };
		E5F0C3FF28A82E1900902310 /* LoginSceneViewModel.swift */ = {isa = PBXFileReference; lastKnownFileType = sourcecode.swift; path = LoginSceneViewModel.swift; sourceTree = "<group>"; };
		E5F0C40228A836B000902310 /* Constants.swift */ = {isa = PBXFileReference; lastKnownFileType = sourcecode.swift; path = Constants.swift; sourceTree = "<group>"; };
		E5F0C40728A83ECC00902310 /* AlertManager.swift */ = {isa = PBXFileReference; lastKnownFileType = sourcecode.swift; path = AlertManager.swift; sourceTree = "<group>"; };
		E5F0C40928A83FFA00902310 /* AlertModel.swift */ = {isa = PBXFileReference; lastKnownFileType = sourcecode.swift; path = AlertModel.swift; sourceTree = "<group>"; };
		E5F0C40B28A9877C00902310 /* Color+extension.swift */ = {isa = PBXFileReference; lastKnownFileType = sourcecode.swift; path = "Color+extension.swift"; sourceTree = "<group>"; };
		E5F0C40D28A9878D00902310 /* AppColors.swift */ = {isa = PBXFileReference; lastKnownFileType = sourcecode.swift; path = AppColors.swift; sourceTree = "<group>"; };
		E5F0C40F28A9958100902310 /* UD.swift */ = {isa = PBXFileReference; lastKnownFileType = sourcecode.swift; path = UD.swift; sourceTree = "<group>"; };
		E5FF621B28B5957F00A794F3 /* ClusterDeviceCell.swift */ = {isa = PBXFileReference; lastKnownFileType = sourcecode.swift; path = ClusterDeviceCell.swift; sourceTree = "<group>"; };
		E5FF621C28B5957F00A794F3 /* ClusterDeviceCell.xib */ = {isa = PBXFileReference; lastKnownFileType = file.xib; path = ClusterDeviceCell.xib; sourceTree = "<group>"; };
		F718EE19A5066D4F057922FB /* Pods-MetaSecret.release.xcconfig */ = {isa = PBXFileReference; includeInIndex = 1; lastKnownFileType = text.xcconfig; name = "Pods-MetaSecret.release.xcconfig"; path = "Target Support Files/Pods-MetaSecret/Pods-MetaSecret.release.xcconfig"; sourceTree = "<group>"; };
/* End PBXFileReference section */

/* Begin PBXFrameworksBuildPhase section */
		E558ED9128F5FD9F0018F045 /* Frameworks */ = {
			isa = PBXFrameworksBuildPhase;
			buildActionMask = 2147483647;
			files = (
			);
			runOnlyForDeploymentPostprocessing = 0;
		};
		E5800023288CA4D000E1135C /* Frameworks */ = {
			isa = PBXFrameworksBuildPhase;
			buildActionMask = 2147483647;
			files = (
				E54294072970ADF2001B9A1A /* libmeta_secret_core_swift.a in Frameworks */,
			);
			runOnlyForDeploymentPostprocessing = 0;
		};
/* End PBXFrameworksBuildPhase section */

/* Begin PBXGroup section */
		CD6B3CFB716953A3749C61D0 /* Pods */ = {
			isa = PBXGroup;
			children = (
				661A42FDDF38EBE81840D342 /* Pods-MetaSecret.debug.xcconfig */,
				F718EE19A5066D4F057922FB /* Pods-MetaSecret.release.xcconfig */,
			);
			path = Pods;
			sourceTree = "<group>";
		};
		E5061CE828CD193200E2787B /* Common */ = {
			isa = PBXGroup;
			children = (
				E5061CE928CD197400E2787B /* BottomInfoSheetViewScene.swift */,
				E5061CEA28CD197400E2787B /* BottomInfoSheetViewScene.xib */,
				E5061CED28CD198B00E2787B /* BottomInfoViewModel.swift */,
				E55B514328CE92F300373959 /* PopupHintViewScene.swift */,
				E55B514428CE92F300373959 /* PopupHintViewScene.xib */,
				E5184201295E0E3700B8F3BD /* CommonViewModel.swift */,
				E5184203295E117800B8F3BD /* CommonSceneView.swift */,
			);
			path = Common;
			sourceTree = "<group>";
		};
		E5061CEF28CD1F3D00E2787B /* Extensions */ = {
			isa = PBXGroup;
			children = (
				E5F0C40B28A9877C00902310 /* Color+extension.swift */,
				E55AC12628C7EB5300757C0C /* String+Extension.swift */,
				E5061CF028CD20C500E2787B /* UIView+Extension.swift */,
				E55B514128CD43A000373959 /* UIFont+Extension.swift */,
				E588252928D3B5E100FB01B0 /* UICollectionView+Extension.swift */,
				E592C8AE28DBB1DD0038458E /* Date+Extenson.swift */,
				E5184205295E14B800B8F3BD /* UIViewController+Extension.swift */,
				E518420E295E345600B8F3BD /* UIWindow+Extension.swift */,
			);
			path = Extensions;
			sourceTree = "<group>";
		};
		E51841FE295E0C3B00B8F3BD /* Assembly */ = {
			isa = PBXGroup;
			children = (
				E51841FF295E0C7F00B8F3BD /* ApplicationAssembly.swift */,
				E518420C295E2C4400B8F3BD /* ManagersAssembly.swift */,
				E5184210295E472E00B8F3BD /* APIClientsAssembly.swift */,
			);
			path = Assembly;
			sourceTree = "<group>";
		};
		E5184207295E160200B8F3BD /* Helpers */ = {
			isa = PBXGroup;
			children = (
			);
			path = Helpers;
			sourceTree = "<group>";
		};
		E51867A7293973B0000DF023 /* InternalModels */ = {
			isa = PBXGroup;
			children = (
				E51ADE8F28B7F6D700C6A87B /* CellSetupDate.swift */,
				E5F0C40928A83FFA00902310 /* AlertModel.swift */,
				E54867A428B6E94800A1E5DB /* MainScreenSource.swift */,
				E5061CF228CD258D00E2787B /* BottomInfoSheetModel.swift */,
				E58E3B88292649670018B136 /* MetaSecretErrors.swift */,
				E54205E828D123D300E763DB /* SceneSendDataModel.swift */,
			);
			path = InternalModels;
			sourceTree = "<group>";
		};
		E51ADE9328B8191600C6A87B /* AddSecret */ = {
			isa = PBXGroup;
			children = (
				E5CE3D0228C92B040022A06F /* SelectDeviceScene */,
				E51ADE9428B8193D00C6A87B /* AddSecretSceneView.swift */,
				E51ADE9528B8193D00C6A87B /* AddSecretSceneView.xib */,
				E5108B4928BD38DF0067207A /* AddSecretViewModel.swift */,
			);
			path = AddSecret;
			sourceTree = "<group>";
		};
		E52686F22901D8380030A542 /* RustLib */ = {
			isa = PBXGroup;
			children = (
				E52686F32901D8570030A542 /* MetaSecret-Bridging-Header.h */,
				E54294062970ADF2001B9A1A /* libmeta_secret_core_swift.a */,
				E52686F42901D8A90030A542 /* meta-secret-core.h */,
			);
			path = RustLib;
			sourceTree = "<group>";
		};
		E548679F28B6E38500A1E5DB /* Sources */ = {
			isa = PBXGroup;
			children = (
				E548679D28B6E37B00A1E5DB /* SecretsDataSource.swift */,
				E54867A028B6E3A300A1E5DB /* DevicesDataSource.swift */,
				E54867A228B6E3DE00A1E5DB /* MainScreeSourcable.swift */,
			);
			path = Sources;
			sourceTree = "<group>";
		};
		E558ED9528F5FD9F0018F045 /* MetaSecretTests */ = {
			isa = PBXGroup;
			children = (
			);
			path = MetaSecretTests;
			sourceTree = "<group>";
		};
		E55A226D28B0355B00F5F02B /* Networking */ = {
			isa = PBXGroup;
			children = (
				E55A227928B05A4900F5F02B /* Requests */,
				E55A227228B03A4D00F5F02B /* Protocols */,
				E5C4CA63296358E100DA8A5C /* APIManager.swift */,
				E5C4CA65296363D000DA8A5C /* AuthorizationService.swift */,
				E5C4CA6929636E5300DA8A5C /* VaultAPIService.swift */,
				E5C4CA6B2963720300DA8A5C /* ShareAPIService.swift */,
			);
			path = Networking;
			sourceTree = "<group>";
		};
		E55A227228B03A4D00F5F02B /* Protocols */ = {
			isa = PBXGroup;
			children = (
				E55A227028B0399A00F5F02B /* HTTPRequest.swift */,
			);
			path = Protocols;
			sourceTree = "<group>";
		};
		E55A227928B05A4900F5F02B /* Requests */ = {
			isa = PBXGroup;
			children = (
				E55A226E28B0357900F5F02B /* Register.swift */,
				E55A227A28B05ACE00F5F02B /* GetVault.swift */,
				E55A227C28B0611800F5F02B /* Accept.swift */,
				E57E6B6428B4198F00906DBD /* Decline.swift */,
				E51ADE9128B8109400C6A87B /* FindShares.swift */,
				E5108B4728BD38680067207A /* Distribute.swift */,
				E50E4307292D5368007FEBA4 /* Claim.swift */,
				E5B98CC0292D7DFD006BFC6A /* FindClaims.swift */,
			);
			path = Requests;
			sourceTree = "<group>";
		};
		E57BDA7628A79A1B00DB27BD /* Scenes */ = {
			isa = PBXGroup;
			children = (
				E57E6B5E28B3F07400906DBD /* Splash */,
				E588251F28D3A55A00FB01B0 /* Onboarding */,
				E57E6B5C28B3F04F00906DBD /* Registration */,
				E57E6B5D28B3F06200906DBD /* Main */,
				E5C7116828BE9DA600D53CA8 /* PairingRequest */,
				E51ADE9328B8191600C6A87B /* AddSecret */,
				E5061CE828CD193200E2787B /* Common */,
			);
			path = Scenes;
			sourceTree = "<group>";
		};
		E57E6B5C28B3F04F00906DBD /* Registration */ = {
			isa = PBXGroup;
			children = (
				E5F0C3FB28A82E0700902310 /* LoginSceneView.swift */,
				E5F0C3FC28A82E0700902310 /* LoginSceneView.xib */,
				E5F0C3FF28A82E1900902310 /* LoginSceneViewModel.swift */,
			);
			path = Registration;
			sourceTree = "<group>";
		};
		E57E6B5D28B3F06200906DBD /* Main */ = {
			isa = PBXGroup;
			children = (
				E548679F28B6E38500A1E5DB /* Sources */,
				E5FF621A28B5952900A794F3 /* Cells */,
				E57E6B5228B3EFFC00906DBD /* MainSceneView.swift */,
				E57E6B5328B3EFFC00906DBD /* MainSceneView.xib */,
				E57E6B5628B3F00900906DBD /* MainSceneViewModel.swift */,
			);
			path = Main;
			sourceTree = "<group>";
		};
		E57E6B5E28B3F07400906DBD /* Splash */ = {
			isa = PBXGroup;
			children = (
				E57E6B5828B3F04B00906DBD /* SplashSceneView.swift */,
				E57E6B5928B3F04B00906DBD /* SplashSceneView.xib */,
			);
			path = Splash;
			sourceTree = "<group>";
		};
		E57E6B6128B3F78200906DBD /* Router */ = {
			isa = PBXGroup;
			children = (
				E518420A295E29C000B8F3BD /* ApplicationRouterProtocol.swift */,
			);
			path = Router;
			sourceTree = "<group>";
		};
		E580001D288CA4D000E1135C = {
			isa = PBXGroup;
			children = (
				E5800028288CA4D000E1135C /* MetaSecret */,
				E558ED9528F5FD9F0018F045 /* MetaSecretTests */,
				E5800027288CA4D000E1135C /* Products */,
				CD6B3CFB716953A3749C61D0 /* Pods */,
			);
			sourceTree = "<group>";
		};
		E5800027288CA4D000E1135C /* Products */ = {
			isa = PBXGroup;
			children = (
				E5800026288CA4D000E1135C /* MetaSecret.app */,
				E558ED9428F5FD9F0018F045 /* MetaSecretTests.xctest */,
			);
			name = Products;
			sourceTree = "<group>";
		};
		E5800028288CA4D000E1135C /* MetaSecret */ = {
			isa = PBXGroup;
			children = (
				E51841FE295E0C3B00B8F3BD /* Assembly */,
				E52686F22901D8380030A542 /* RustLib */,
				E5F0C40428A839AE00902310 /* Utils */,
				E5F0C40128A8369800902310 /* Resources */,
				E5F0C3F628A82B3B00902310 /* Models */,
				E57BDA7628A79A1B00DB27BD /* Scenes */,
				E5800029288CA4D000E1135C /* AppDelegate.swift */,
				E580002F288CA4D000E1135C /* Main.storyboard */,
				E5800034288CA4D200E1135C /* LaunchScreen.storyboard */,
				E5800037288CA4D300E1135C /* Info.plist */,
			);
			path = MetaSecret;
			sourceTree = "<group>";
		};
		E588251F28D3A55A00FB01B0 /* Onboarding */ = {
			isa = PBXGroup;
			children = (
				E588252428D3B52000FB01B0 /* Cells */,
				E588252028D3A62600FB01B0 /* OnboardingSceneView.swift */,
				E588252128D3A62600FB01B0 /* OnboardingSceneView.xib */,
				E5184215295E4F3500B8F3BD /* OnboardingSceneViewModel.swift */,
			);
			path = Onboarding;
			sourceTree = "<group>";
		};
		E588252428D3B52000FB01B0 /* Cells */ = {
			isa = PBXGroup;
			children = (
				E588252528D3B53400FB01B0 /* OnboardingCollectionViewCell.swift */,
				E588252628D3B53400FB01B0 /* OnboardingCollectionViewCell.xib */,
			);
			path = Cells;
			sourceTree = "<group>";
		};
		E5C7116828BE9DA600D53CA8 /* PairingRequest */ = {
			isa = PBXGroup;
			children = (
				E5C7116928BE9DE200D53CA8 /* DeviceInfoSceneView.swift */,
				E5C7116A28BE9DE200D53CA8 /* DeviceInfoSceneView.xib */,
				E5C7116D28BE9DF100D53CA8 /* DeviceInfoSceneViewModel.swift */,
			);
			path = PairingRequest;
			sourceTree = "<group>";
		};
		E5CE3D0228C92B040022A06F /* SelectDeviceScene */ = {
			isa = PBXGroup;
			children = (
				E5CE3D0328C92B880022A06F /* SelectDeviceSceneView.swift */,
				E5CE3D0428C92B880022A06F /* SelectDeviceSceneView.xib */,
				E5CE3D0728C92B9A0022A06F /* SelectDeviceViewModel.swift */,
			);
			path = SelectDeviceScene;
			sourceTree = "<group>";
		};
		E5EF2DE2293ABAD8007E9B9E /* Realm */ = {
			isa = PBXGroup;
			children = (
				E52E651728C8021E0028213A /* Secret.swift */,
				E5C5110F29428C9600F7BFC0 /* MetaPassId.swift */,
			);
			path = Realm;
			sourceTree = "<group>";
		};
		E5F0C3F628A82B3B00902310 /* Models */ = {
			isa = PBXGroup;
			children = (
				E5EF2DE2293ABAD8007E9B9E /* Realm */,
				E51867A7293973B0000DF023 /* InternalModels */,
				E5F0C3F728A82B5500902310 /* SecurityManager.swift */,
				E5F0C3F928A82D0800902310 /* VaultDoc.swift */,
				E50ACA0729156CC200A8B432 /* PasswordShare.swift */,
				E54EFA9A291721F20049DD81 /* EncodeShare.swift */,
				E58E3B85292639D50018B136 /* Base64EncodedText.swift */,
				E54153D52935457C009AA6F1 /* AeadCipherText.swift */,
				E51867A329396CBA000DF023 /* UserSignature.swift */,
				E51867A529396FAF000DF023 /* BaseModel.swift */,
				E51867A8293973C6000DF023 /* DeviceInfo.swift */,
				E5332237293FCA81005E930D /* RestoreModel.swift */,
				E52B0874294BE47800041554 /* PlainText.swift */,
			);
			path = Models;
			sourceTree = "<group>";
		};
		E5F0C40128A8369800902310 /* Resources */ = {
			isa = PBXGroup;
			children = (
				E5800032288CA4D200E1135C /* Assets.xcassets */,
				E5061CE628CD116700E2787B /* Colors.xcassets */,
				E588253928D5448E00FB01B0 /* Localizable.strings */,
				E5F0C40228A836B000902310 /* Constants.swift */,
				E5F0C40D28A9878D00902310 /* AppColors.swift */,
				E588252B28D3D97000FB01B0 /* AppImages.swift */,
			);
			path = Resources;
			sourceTree = "<group>";
		};
		E5F0C40428A839AE00902310 /* Utils */ = {
			isa = PBXGroup;
			children = (
				E57E6B6128B3F78200906DBD /* Router */,
				E5184207295E160200B8F3BD /* Helpers */,
				E5061CEF28CD1F3D00E2787B /* Extensions */,
				E55A226D28B0355B00F5F02B /* Networking */,
				E5F0C40728A83ECC00902310 /* AlertManager.swift */,
				E5F0C40F28A9958100902310 /* UD.swift */,
				E56FD13A28B111CA00AA6CA3 /* SigningManager.swift */,
				E5A64F2A28B26283007982BD /* RootControllerManager.swift */,
				E55AC12428C7DFB000757C0C /* DBManager.swift */,
				E5643BD628FF5EBB00DD7FF7 /* MetaSecretCoreWrapper.swift */,
				E520C952290F2FAB001DB36E /* JsonManager.swift */,
				E5B64C3C292663510079A5CC /* SharesManager.swift */,
				E5731C682947D8FA004B0095 /* DistributionManager.swift */,
				E5C4CA612961E9E900DA8A5C /* UIFactory.swift */,
			);
			path = Utils;
			sourceTree = "<group>";
		};
		E5FF621A28B5952900A794F3 /* Cells */ = {
			isa = PBXGroup;
			children = (
				E5FF621B28B5957F00A794F3 /* ClusterDeviceCell.swift */,
				E5FF621C28B5957F00A794F3 /* ClusterDeviceCell.xib */,
			);
			path = Cells;
			sourceTree = "<group>";
		};
/* End PBXGroup section */

/* Begin PBXNativeTarget section */
		E558ED9328F5FD9F0018F045 /* MetaSecretTests */ = {
			isa = PBXNativeTarget;
			buildConfigurationList = E558ED9A28F5FD9F0018F045 /* Build configuration list for PBXNativeTarget "MetaSecretTests" */;
			buildPhases = (
				E558ED9028F5FD9F0018F045 /* Sources */,
				E558ED9128F5FD9F0018F045 /* Frameworks */,
				E558ED9228F5FD9F0018F045 /* Resources */,
			);
			buildRules = (
			);
			dependencies = (
				E558ED9928F5FD9F0018F045 /* PBXTargetDependency */,
			);
			name = MetaSecretTests;
			productName = MetaSecretTests;
			productReference = E558ED9428F5FD9F0018F045 /* MetaSecretTests.xctest */;
			productType = "com.apple.product-type.bundle.unit-test";
		};
		E5800025288CA4D000E1135C /* MetaSecret */ = {
			isa = PBXNativeTarget;
			buildConfigurationList = E5800050288CA4D300E1135C /* Build configuration list for PBXNativeTarget "MetaSecret" */;
			buildPhases = (
				A96E69A33516B06EBB45536B /* [CP] Check Pods Manifest.lock */,
				E5800022288CA4D000E1135C /* Sources */,
				E5800023288CA4D000E1135C /* Frameworks */,
				E5800024288CA4D000E1135C /* Resources */,
				90C3FCBFDC2585EC3BCA9EDB /* [CP] Embed Pods Frameworks */,
			);
			buildRules = (
			);
			dependencies = (
			);
			name = MetaSecret;
			productName = MetaSecret;
			productReference = E5800026288CA4D000E1135C /* MetaSecret.app */;
			productType = "com.apple.product-type.application";
		};
/* End PBXNativeTarget section */

/* Begin PBXProject section */
		E580001E288CA4D000E1135C /* Project object */ = {
			isa = PBXProject;
			attributes = {
				BuildIndependentTargetsInParallel = 1;
				LastSwiftUpdateCheck = 1330;
				LastUpgradeCheck = 1330;
				TargetAttributes = {
					E558ED9328F5FD9F0018F045 = {
						CreatedOnToolsVersion = 13.3.1;
						LastSwiftMigration = 1400;
						TestTargetID = E5800025288CA4D000E1135C;
					};
					E5800025288CA4D000E1135C = {
						CreatedOnToolsVersion = 13.3.1;
					};
				};
			};
			buildConfigurationList = E5800021288CA4D000E1135C /* Build configuration list for PBXProject "MetaSecret" */;
			compatibilityVersion = "Xcode 13.0";
			developmentRegion = en;
			hasScannedForEncodings = 0;
			knownRegions = (
				en,
				Base,
				ru,
			);
			mainGroup = E580001D288CA4D000E1135C;
			productRefGroup = E5800027288CA4D000E1135C /* Products */;
			projectDirPath = "";
			projectRoot = "";
			targets = (
				E5800025288CA4D000E1135C /* MetaSecret */,
				E558ED9328F5FD9F0018F045 /* MetaSecretTests */,
			);
		};
/* End PBXProject section */

/* Begin PBXResourcesBuildPhase section */
		E558ED9228F5FD9F0018F045 /* Resources */ = {
			isa = PBXResourcesBuildPhase;
			buildActionMask = 2147483647;
			files = (
			);
			runOnlyForDeploymentPostprocessing = 0;
		};
		E5800024288CA4D000E1135C /* Resources */ = {
			isa = PBXResourcesBuildPhase;
			buildActionMask = 2147483647;
			files = (
				E52686F72901DBD20030A542 /* MetaSecret-Bridging-Header.h in Resources */,
				E5061CEC28CD197400E2787B /* BottomInfoSheetViewScene.xib in Resources */,
				E5800036288CA4D200E1135C /* LaunchScreen.storyboard in Resources */,
				E5CE3D0628C92B880022A06F /* SelectDeviceSceneView.xib in Resources */,
				E5061CE728CD116700E2787B /* Colors.xcassets in Resources */,
				E588252328D3A62600FB01B0 /* OnboardingSceneView.xib in Resources */,
				E5C7116C28BE9DE200D53CA8 /* DeviceInfoSceneView.xib in Resources */,
				E5FF621E28B5957F00A794F3 /* ClusterDeviceCell.xib in Resources */,
				E5F0C3FE28A82E0700902310 /* LoginSceneView.xib in Resources */,
				E55B514628CE92F300373959 /* PopupHintViewScene.xib in Resources */,
				E57E6B5B28B3F04B00906DBD /* SplashSceneView.xib in Resources */,
				E57E6B5528B3EFFC00906DBD /* MainSceneView.xib in Resources */,
				E5800033288CA4D200E1135C /* Assets.xcassets in Resources */,
				E5800031288CA4D000E1135C /* Main.storyboard in Resources */,
				E588253728D5448E00FB01B0 /* Localizable.strings in Resources */,
				E51ADE9728B8193D00C6A87B /* AddSecretSceneView.xib in Resources */,
				E588252828D3B53400FB01B0 /* OnboardingCollectionViewCell.xib in Resources */,
			);
			runOnlyForDeploymentPostprocessing = 0;
		};
/* End PBXResourcesBuildPhase section */

/* Begin PBXShellScriptBuildPhase section */
		90C3FCBFDC2585EC3BCA9EDB /* [CP] Embed Pods Frameworks */ = {
			isa = PBXShellScriptBuildPhase;
			buildActionMask = 2147483647;
			files = (
			);
			inputFileListPaths = (
				"${PODS_ROOT}/Target Support Files/Pods-MetaSecret/Pods-MetaSecret-frameworks-${CONFIGURATION}-input-files.xcfilelist",
			);
			name = "[CP] Embed Pods Frameworks";
			outputFileListPaths = (
				"${PODS_ROOT}/Target Support Files/Pods-MetaSecret/Pods-MetaSecret-frameworks-${CONFIGURATION}-output-files.xcfilelist",
			);
			runOnlyForDeploymentPostprocessing = 0;
			shellPath = /bin/sh;
			shellScript = "\"${PODS_ROOT}/Target Support Files/Pods-MetaSecret/Pods-MetaSecret-frameworks.sh\"\n";
			showEnvVarsInLog = 0;
		};
		A96E69A33516B06EBB45536B /* [CP] Check Pods Manifest.lock */ = {
			isa = PBXShellScriptBuildPhase;
			buildActionMask = 2147483647;
			files = (
			);
			inputFileListPaths = (
			);
			inputPaths = (
				"${PODS_PODFILE_DIR_PATH}/Podfile.lock",
				"${PODS_ROOT}/Manifest.lock",
			);
			name = "[CP] Check Pods Manifest.lock";
			outputFileListPaths = (
			);
			outputPaths = (
				"$(DERIVED_FILE_DIR)/Pods-MetaSecret-checkManifestLockResult.txt",
			);
			runOnlyForDeploymentPostprocessing = 0;
			shellPath = /bin/sh;
			shellScript = "diff \"${PODS_PODFILE_DIR_PATH}/Podfile.lock\" \"${PODS_ROOT}/Manifest.lock\" > /dev/null\nif [ $? != 0 ] ; then\n    # print error to STDERR\n    echo \"error: The sandbox is not in sync with the Podfile.lock. Run 'pod install' or update your CocoaPods installation.\" >&2\n    exit 1\nfi\n# This output is used by Xcode 'outputs' to avoid re-running this script phase.\necho \"SUCCESS\" > \"${SCRIPT_OUTPUT_FILE_0}\"\n";
			showEnvVarsInLog = 0;
		};
/* End PBXShellScriptBuildPhase section */

/* Begin PBXSourcesBuildPhase section */
		E558ED9028F5FD9F0018F045 /* Sources */ = {
			isa = PBXSourcesBuildPhase;
			buildActionMask = 2147483647;
			files = (
				E5DA4DB12905931F00893DF2 /* meta-secret-core.h in Sources */,
				E58E3B87292639D50018B136 /* Base64EncodedText.swift in Sources */,
				E5DA4DAE2905889600893DF2 /* MetaSecretCoreWrapper.swift in Sources */,
			);
			runOnlyForDeploymentPostprocessing = 0;
		};
		E5800022288CA4D000E1135C /* Sources */ = {
			isa = PBXSourcesBuildPhase;
			buildActionMask = 2147483647;
			files = (
				E52E651828C8021E0028213A /* Secret.swift in Sources */,
				E5F0C40828A83ECC00902310 /* AlertManager.swift in Sources */,
				E5A64F2B28B26284007982BD /* RootControllerManager.swift in Sources */,
				E51867A429396CBA000DF023 /* UserSignature.swift in Sources */,
				E5731C692947D8FA004B0095 /* DistributionManager.swift in Sources */,
				E57E6B5728B3F00900906DBD /* MainSceneViewModel.swift in Sources */,
				E5B98CC1292D7DFD006BFC6A /* FindClaims.swift in Sources */,
				E5C4CA6C2963720300DA8A5C /* ShareAPIService.swift in Sources */,
				E580002A288CA4D000E1135C /* AppDelegate.swift in Sources */,
				E5F0C3FD28A82E0700902310 /* LoginSceneView.swift in Sources */,
				E54867A128B6E3A300A1E5DB /* DevicesDataSource.swift in Sources */,
				E5F0C40028A82E1900902310 /* LoginSceneViewModel.swift in Sources */,
				E5B64C3D292663510079A5CC /* SharesManager.swift in Sources */,
				E55AC12728C7EB5300757C0C /* String+Extension.swift in Sources */,
				E55B514528CE92F300373959 /* PopupHintViewScene.swift in Sources */,
				E5184211295E472E00B8F3BD /* APIClientsAssembly.swift in Sources */,
				E5C4CA6A29636E5300DA8A5C /* VaultAPIService.swift in Sources */,
				E5184202295E0E3700B8F3BD /* CommonViewModel.swift in Sources */,
				E5061CF128CD20C500E2787B /* UIView+Extension.swift in Sources */,
				E50ACA0829156CC200A8B432 /* PasswordShare.swift in Sources */,
				E51ADE9228B8109400C6A87B /* FindShares.swift in Sources */,
				E5184200295E0C7F00B8F3BD /* ApplicationAssembly.swift in Sources */,
				E54867A528B6E94800A1E5DB /* MainScreenSource.swift in Sources */,
				E55A226F28B0357900F5F02B /* Register.swift in Sources */,
				E5CE3D0528C92B880022A06F /* SelectDeviceSceneView.swift in Sources */,
				E518420D295E2C4400B8F3BD /* ManagersAssembly.swift in Sources */,
				E55A227B28B05ACE00F5F02B /* GetVault.swift in Sources */,
				E588252228D3A62600FB01B0 /* OnboardingSceneView.swift in Sources */,
				E5CE3D0828C92B9A0022A06F /* SelectDeviceViewModel.swift in Sources */,
				E57E6B5428B3EFFC00906DBD /* MainSceneView.swift in Sources */,
				E5108B4A28BD38DF0067207A /* AddSecretViewModel.swift in Sources */,
				E5C5111029428C9600F7BFC0 /* MetaPassId.swift in Sources */,
				E5332238293FCA81005E930D /* RestoreModel.swift in Sources */,
				E55AC12528C7DFB000757C0C /* DBManager.swift in Sources */,
				E57E6B5A28B3F04B00906DBD /* SplashSceneView.swift in Sources */,
				E54867A328B6E3DE00A1E5DB /* MainScreeSourcable.swift in Sources */,
				E50E4308292D5368007FEBA4 /* Claim.swift in Sources */,
				E5F0C40E28A9878D00902310 /* AppColors.swift in Sources */,
				E5C4CA64296358E100DA8A5C /* APIManager.swift in Sources */,
				E518420F295E345600B8F3BD /* UIWindow+Extension.swift in Sources */,
				E5F0C3FA28A82D0800902310 /* VaultDoc.swift in Sources */,
				E5F0C3F828A82B5500902310 /* SecurityManager.swift in Sources */,
				E51ADE9028B7F6D700C6A87B /* CellSetupDate.swift in Sources */,
				E5F0C41028A9958100902310 /* UD.swift in Sources */,
				E5F0C40C28A9877C00902310 /* Color+extension.swift in Sources */,
				E55B514228CD43A000373959 /* UIFont+Extension.swift in Sources */,
				E54EFA9B291721F30049DD81 /* EncodeShare.swift in Sources */,
				E51867A9293973C6000DF023 /* DeviceInfo.swift in Sources */,
				E51ADE9628B8193D00C6A87B /* AddSecretSceneView.swift in Sources */,
				E5108B4828BD38680067207A /* Distribute.swift in Sources */,
				E55A227128B0399A00F5F02B /* HTTPRequest.swift in Sources */,
				E51867A629396FAF000DF023 /* BaseModel.swift in Sources */,
				E5643BD728FF5EBB00DD7FF7 /* MetaSecretCoreWrapper.swift in Sources */,
				E58E3B89292649670018B136 /* MetaSecretErrors.swift in Sources */,
				E5184216295E4F3500B8F3BD /* OnboardingSceneViewModel.swift in Sources */,
				E588252C28D3D97000FB01B0 /* AppImages.swift in Sources */,
				E5061CEE28CD198B00E2787B /* BottomInfoViewModel.swift in Sources */,
				E5184204295E117800B8F3BD /* CommonSceneView.swift in Sources */,
				E57E6B6528B4199000906DBD /* Decline.swift in Sources */,
				E5C4CA622961E9E900DA8A5C /* UIFactory.swift in Sources */,
				E588252728D3B53400FB01B0 /* OnboardingCollectionViewCell.swift in Sources */,
				E518420B295E29C000B8F3BD /* ApplicationRouterProtocol.swift in Sources */,
				E55A227D28B0611800F5F02B /* Accept.swift in Sources */,
				E592C8AF28DBB1DD0038458E /* Date+Extenson.swift in Sources */,
				E58E3B86292639D50018B136 /* Base64EncodedText.swift in Sources */,
				E5061CF328CD258D00E2787B /* BottomInfoSheetModel.swift in Sources */,
				E520C953290F2FAB001DB36E /* JsonManager.swift in Sources */,
				E52B0875294BE47800041554 /* PlainText.swift in Sources */,
				E5184206295E14B800B8F3BD /* UIViewController+Extension.swift in Sources */,
				E588252A28D3B5E100FB01B0 /* UICollectionView+Extension.swift in Sources */,
				E54153D62935457C009AA6F1 /* AeadCipherText.swift in Sources */,
				E5061CEB28CD197400E2787B /* BottomInfoSheetViewScene.swift in Sources */,
				E5C4CA66296363D000DA8A5C /* AuthorizationService.swift in Sources */,
				E5C7116E28BE9DF100D53CA8 /* DeviceInfoSceneViewModel.swift in Sources */,
				E5C7116B28BE9DE200D53CA8 /* DeviceInfoSceneView.swift in Sources */,
				E548679E28B6E37B00A1E5DB /* SecretsDataSource.swift in Sources */,
				E56FD13B28B111CA00AA6CA3 /* SigningManager.swift in Sources */,
				E5FF621D28B5957F00A794F3 /* ClusterDeviceCell.swift in Sources */,
				E5F0C40A28A83FFA00902310 /* AlertModel.swift in Sources */,
				E54205E928D123D300E763DB /* SceneSendDataModel.swift in Sources */,
				E5F0C40328A836B000902310 /* Constants.swift in Sources */,
			);
			runOnlyForDeploymentPostprocessing = 0;
		};
/* End PBXSourcesBuildPhase section */

/* Begin PBXTargetDependency section */
		E558ED9928F5FD9F0018F045 /* PBXTargetDependency */ = {
			isa = PBXTargetDependency;
			target = E5800025288CA4D000E1135C /* MetaSecret */;
			targetProxy = E558ED9828F5FD9F0018F045 /* PBXContainerItemProxy */;
		};
/* End PBXTargetDependency section */

/* Begin PBXVariantGroup section */
		E580002F288CA4D000E1135C /* Main.storyboard */ = {
			isa = PBXVariantGroup;
			children = (
				E5800030288CA4D000E1135C /* Base */,
				E588253328D5440900FB01B0 /* ru */,
			);
			name = Main.storyboard;
			sourceTree = "<group>";
		};
		E5800034288CA4D200E1135C /* LaunchScreen.storyboard */ = {
			isa = PBXVariantGroup;
			children = (
				E5800035288CA4D200E1135C /* Base */,
				E588253428D5440A00FB01B0 /* ru */,
			);
			name = LaunchScreen.storyboard;
			sourceTree = "<group>";
		};
		E588253928D5448E00FB01B0 /* Localizable.strings */ = {
			isa = PBXVariantGroup;
			children = (
				E588253828D5448E00FB01B0 /* ru */,
				E588253A28D5449000FB01B0 /* en */,
			);
			name = Localizable.strings;
			sourceTree = "<group>";
		};
/* End PBXVariantGroup section */

/* Begin XCBuildConfiguration section */
		E558ED9B28F5FD9F0018F045 /* Debug */ = {
			isa = XCBuildConfiguration;
			buildSettings = {
				BUNDLE_LOADER = "$(TEST_HOST)";
				CLANG_ENABLE_MODULES = YES;
				CODE_SIGN_STYLE = Automatic;
				CURRENT_PROJECT_VERSION = 1;
				DEVELOPMENT_TEAM = 6EV6V6U9VX;
				GENERATE_INFOPLIST_FILE = YES;
				IPHONEOS_DEPLOYMENT_TARGET = 15.4;
				LD_RUNPATH_SEARCH_PATHS = (
					"$(inherited)",
					"@executable_path/Frameworks",
					"@loader_path/Frameworks",
				);
				LIBRARY_SEARCH_PATHS = (
					"$(inherited)",
					"$(PROJECT_DIR)/MetaSecret/RustLib",
				);
				MARKETING_VERSION = 1.0;
				PRODUCT_BUNDLE_IDENTIFIER = DK.MetaSecretTests;
				PRODUCT_NAME = "$(TARGET_NAME)";
				SWIFT_EMIT_LOC_STRINGS = NO;
				SWIFT_OBJC_BRIDGING_HEADER = "MetaSecretTests/MetaSecretTests-Bridging-Header.h";
				SWIFT_OPTIMIZATION_LEVEL = "-Onone";
				SWIFT_VERSION = 5.0;
				TARGETED_DEVICE_FAMILY = "1,2";
				TEST_HOST = "$(BUILT_PRODUCTS_DIR)/MetaSecret.app/MetaSecret";
			};
			name = Debug;
		};
		E558ED9C28F5FD9F0018F045 /* Release */ = {
			isa = XCBuildConfiguration;
			buildSettings = {
				BUNDLE_LOADER = "$(TEST_HOST)";
				CLANG_ENABLE_MODULES = YES;
				CODE_SIGN_STYLE = Automatic;
				CURRENT_PROJECT_VERSION = 1;
				DEVELOPMENT_TEAM = 6EV6V6U9VX;
				GENERATE_INFOPLIST_FILE = YES;
				IPHONEOS_DEPLOYMENT_TARGET = 15.4;
				LD_RUNPATH_SEARCH_PATHS = (
					"$(inherited)",
					"@executable_path/Frameworks",
					"@loader_path/Frameworks",
				);
				LIBRARY_SEARCH_PATHS = (
					"$(inherited)",
					"$(PROJECT_DIR)/MetaSecret/RustLib",
				);
				MARKETING_VERSION = 1.0;
				PRODUCT_BUNDLE_IDENTIFIER = DK.MetaSecretTests;
				PRODUCT_NAME = "$(TARGET_NAME)";
				SWIFT_EMIT_LOC_STRINGS = NO;
				SWIFT_OBJC_BRIDGING_HEADER = "MetaSecretTests/MetaSecretTests-Bridging-Header.h";
				SWIFT_VERSION = 5.0;
				TARGETED_DEVICE_FAMILY = "1,2";
				TEST_HOST = "$(BUILT_PRODUCTS_DIR)/MetaSecret.app/MetaSecret";
			};
			name = Release;
		};
		E580004E288CA4D300E1135C /* Debug */ = {
			isa = XCBuildConfiguration;
			buildSettings = {
				ALWAYS_SEARCH_USER_PATHS = NO;
				CLANG_ANALYZER_LOCALIZABILITY_NONLOCALIZED = YES;
				CLANG_ANALYZER_NONNULL = YES;
				CLANG_ANALYZER_NUMBER_OBJECT_CONVERSION = YES_AGGRESSIVE;
				CLANG_CXX_LANGUAGE_STANDARD = "gnu++17";
				CLANG_ENABLE_MODULES = YES;
				CLANG_ENABLE_OBJC_ARC = YES;
				CLANG_ENABLE_OBJC_WEAK = YES;
				CLANG_WARN_BLOCK_CAPTURE_AUTORELEASING = YES;
				CLANG_WARN_BOOL_CONVERSION = YES;
				CLANG_WARN_COMMA = YES;
				CLANG_WARN_CONSTANT_CONVERSION = YES;
				CLANG_WARN_DEPRECATED_OBJC_IMPLEMENTATIONS = YES;
				CLANG_WARN_DIRECT_OBJC_ISA_USAGE = YES_ERROR;
				CLANG_WARN_DOCUMENTATION_COMMENTS = YES;
				CLANG_WARN_EMPTY_BODY = YES;
				CLANG_WARN_ENUM_CONVERSION = YES;
				CLANG_WARN_INFINITE_RECURSION = YES;
				CLANG_WARN_INT_CONVERSION = YES;
				CLANG_WARN_NON_LITERAL_NULL_CONVERSION = YES;
				CLANG_WARN_OBJC_IMPLICIT_RETAIN_SELF = YES;
				CLANG_WARN_OBJC_LITERAL_CONVERSION = YES;
				CLANG_WARN_OBJC_ROOT_CLASS = YES_ERROR;
				CLANG_WARN_QUOTED_INCLUDE_IN_FRAMEWORK_HEADER = YES;
				CLANG_WARN_RANGE_LOOP_ANALYSIS = YES;
				CLANG_WARN_STRICT_PROTOTYPES = YES;
				CLANG_WARN_SUSPICIOUS_MOVE = YES;
				CLANG_WARN_UNGUARDED_AVAILABILITY = YES_AGGRESSIVE;
				CLANG_WARN_UNREACHABLE_CODE = YES;
				CLANG_WARN__DUPLICATE_METHOD_MATCH = YES;
				COPY_PHASE_STRIP = NO;
				DEBUG_INFORMATION_FORMAT = dwarf;
				ENABLE_STRICT_OBJC_MSGSEND = YES;
				ENABLE_TESTABILITY = YES;
				GCC_C_LANGUAGE_STANDARD = gnu11;
				GCC_DYNAMIC_NO_PIC = NO;
				GCC_NO_COMMON_BLOCKS = YES;
				GCC_OPTIMIZATION_LEVEL = 0;
				GCC_PREPROCESSOR_DEFINITIONS = (
					"DEBUG=1",
					"$(inherited)",
				);
				GCC_WARN_64_TO_32_BIT_CONVERSION = YES;
				GCC_WARN_ABOUT_RETURN_TYPE = YES_ERROR;
				GCC_WARN_UNDECLARED_SELECTOR = YES;
				GCC_WARN_UNINITIALIZED_AUTOS = YES_AGGRESSIVE;
				GCC_WARN_UNUSED_FUNCTION = YES;
				GCC_WARN_UNUSED_VARIABLE = YES;
				IPHONEOS_DEPLOYMENT_TARGET = 14.0;
				MTL_ENABLE_DEBUG_INFO = INCLUDE_SOURCE;
				MTL_FAST_MATH = YES;
				ONLY_ACTIVE_ARCH = YES;
				SDKROOT = iphoneos;
				SWIFT_ACTIVE_COMPILATION_CONDITIONS = DEBUG;
				SWIFT_OPTIMIZATION_LEVEL = "-Onone";
			};
			name = Debug;
		};
		E580004F288CA4D300E1135C /* Release */ = {
			isa = XCBuildConfiguration;
			buildSettings = {
				ALWAYS_SEARCH_USER_PATHS = NO;
				CLANG_ANALYZER_LOCALIZABILITY_NONLOCALIZED = YES;
				CLANG_ANALYZER_NONNULL = YES;
				CLANG_ANALYZER_NUMBER_OBJECT_CONVERSION = YES_AGGRESSIVE;
				CLANG_CXX_LANGUAGE_STANDARD = "gnu++17";
				CLANG_ENABLE_MODULES = YES;
				CLANG_ENABLE_OBJC_ARC = YES;
				CLANG_ENABLE_OBJC_WEAK = YES;
				CLANG_WARN_BLOCK_CAPTURE_AUTORELEASING = YES;
				CLANG_WARN_BOOL_CONVERSION = YES;
				CLANG_WARN_COMMA = YES;
				CLANG_WARN_CONSTANT_CONVERSION = YES;
				CLANG_WARN_DEPRECATED_OBJC_IMPLEMENTATIONS = YES;
				CLANG_WARN_DIRECT_OBJC_ISA_USAGE = YES_ERROR;
				CLANG_WARN_DOCUMENTATION_COMMENTS = YES;
				CLANG_WARN_EMPTY_BODY = YES;
				CLANG_WARN_ENUM_CONVERSION = YES;
				CLANG_WARN_INFINITE_RECURSION = YES;
				CLANG_WARN_INT_CONVERSION = YES;
				CLANG_WARN_NON_LITERAL_NULL_CONVERSION = YES;
				CLANG_WARN_OBJC_IMPLICIT_RETAIN_SELF = YES;
				CLANG_WARN_OBJC_LITERAL_CONVERSION = YES;
				CLANG_WARN_OBJC_ROOT_CLASS = YES_ERROR;
				CLANG_WARN_QUOTED_INCLUDE_IN_FRAMEWORK_HEADER = YES;
				CLANG_WARN_RANGE_LOOP_ANALYSIS = YES;
				CLANG_WARN_STRICT_PROTOTYPES = YES;
				CLANG_WARN_SUSPICIOUS_MOVE = YES;
				CLANG_WARN_UNGUARDED_AVAILABILITY = YES_AGGRESSIVE;
				CLANG_WARN_UNREACHABLE_CODE = YES;
				CLANG_WARN__DUPLICATE_METHOD_MATCH = YES;
				COPY_PHASE_STRIP = NO;
				DEBUG_INFORMATION_FORMAT = "dwarf-with-dsym";
				ENABLE_NS_ASSERTIONS = NO;
				ENABLE_STRICT_OBJC_MSGSEND = YES;
				GCC_C_LANGUAGE_STANDARD = gnu11;
				GCC_NO_COMMON_BLOCKS = YES;
				GCC_OPTIMIZATION_LEVEL = s;
				GCC_WARN_64_TO_32_BIT_CONVERSION = YES;
				GCC_WARN_ABOUT_RETURN_TYPE = YES_ERROR;
				GCC_WARN_UNDECLARED_SELECTOR = YES;
				GCC_WARN_UNINITIALIZED_AUTOS = YES_AGGRESSIVE;
				GCC_WARN_UNUSED_FUNCTION = YES;
				GCC_WARN_UNUSED_VARIABLE = YES;
				IPHONEOS_DEPLOYMENT_TARGET = 14.0;
				MTL_ENABLE_DEBUG_INFO = NO;
				MTL_FAST_MATH = YES;
				SDKROOT = iphoneos;
				SWIFT_COMPILATION_MODE = wholemodule;
				SWIFT_OPTIMIZATION_LEVEL = "-O";
				VALIDATE_PRODUCT = YES;
			};
			name = Release;
		};
		E5800051288CA4D300E1135C /* Debug */ = {
			isa = XCBuildConfiguration;
			baseConfigurationReference = 661A42FDDF38EBE81840D342 /* Pods-MetaSecret.debug.xcconfig */;
			buildSettings = {
				ASSETCATALOG_COMPILER_APPICON_NAME = AppIcon;
				ASSETCATALOG_COMPILER_GLOBAL_ACCENT_COLOR_NAME = AccentColor;
				CODE_SIGN_IDENTITY = "Apple Development";
				CODE_SIGN_STYLE = Automatic;
				CURRENT_PROJECT_VERSION = 15;
				DEVELOPMENT_ASSET_PATHS = "";
				DEVELOPMENT_TEAM = 7RKQD29YMQ;
				GENERATE_INFOPLIST_FILE = YES;
				INFOPLIST_FILE = MetaSecret/Info.plist;
				INFOPLIST_KEY_NSUserTrackingUsageDescription = "App would like to access IDFA for tracking the performance of our marketing campaigns";
				INFOPLIST_KEY_UIApplicationSupportsIndirectInputEvents = YES;
				INFOPLIST_KEY_UILaunchStoryboardName = LaunchScreen;
				INFOPLIST_KEY_UIMainStoryboardFile = Main;
				INFOPLIST_KEY_UISupportedInterfaceOrientations_iPad = "UIInterfaceOrientationPortrait UIInterfaceOrientationPortraitUpsideDown UIInterfaceOrientationLandscapeLeft UIInterfaceOrientationLandscapeRight";
				INFOPLIST_KEY_UISupportedInterfaceOrientations_iPhone = "UIInterfaceOrientationPortrait UIInterfaceOrientationLandscapeLeft UIInterfaceOrientationLandscapeRight";
				INFOPLIST_KEY_UIUserInterfaceStyle = Light;
				LD_RUNPATH_SEARCH_PATHS = (
					"$(inherited)",
					"@executable_path/Frameworks",
				);
				LIBRARY_SEARCH_PATHS = (
					"$(inherited)",
					"$(PROJECT_DIR)/MetaSecret/RustLib",
					"$(PROJECT_DIR)/rustLib",
				);
				MARKETING_VERSION = 1.0;
				PRODUCT_BUNDLE_IDENTIFIER = org.metasecret.vault;
				PRODUCT_NAME = "$(TARGET_NAME)";
				PROVISIONING_PROFILE_SPECIFIER = "";
				SWIFT_EMIT_LOC_STRINGS = YES;
				SWIFT_OBJC_BRIDGING_HEADER = "$(PROJECT_DIR)/MetaSecret/RustLib/MetaSecret-Bridging-Header.h";
				SWIFT_VERSION = 5.0;
				TARGETED_DEVICE_FAMILY = "1,2";
			};
			name = Debug;
		};
		E5800052288CA4D300E1135C /* Release */ = {
			isa = XCBuildConfiguration;
			baseConfigurationReference = F718EE19A5066D4F057922FB /* Pods-MetaSecret.release.xcconfig */;
			buildSettings = {
				ASSETCATALOG_COMPILER_APPICON_NAME = AppIcon;
				ASSETCATALOG_COMPILER_GLOBAL_ACCENT_COLOR_NAME = AccentColor;
				CODE_SIGN_IDENTITY = "Apple Development";
				CODE_SIGN_STYLE = Automatic;
				CURRENT_PROJECT_VERSION = 15;
				DEVELOPMENT_ASSET_PATHS = "";
				DEVELOPMENT_TEAM = 7RKQD29YMQ;
				GENERATE_INFOPLIST_FILE = YES;
				INFOPLIST_FILE = MetaSecret/Info.plist;
				INFOPLIST_KEY_NSUserTrackingUsageDescription = "App would like to access IDFA for tracking the performance of our marketing campaigns";
				INFOPLIST_KEY_UIApplicationSupportsIndirectInputEvents = YES;
				INFOPLIST_KEY_UILaunchStoryboardName = LaunchScreen;
				INFOPLIST_KEY_UIMainStoryboardFile = Main;
				INFOPLIST_KEY_UISupportedInterfaceOrientations_iPad = "UIInterfaceOrientationPortrait UIInterfaceOrientationPortraitUpsideDown UIInterfaceOrientationLandscapeLeft UIInterfaceOrientationLandscapeRight";
				INFOPLIST_KEY_UISupportedInterfaceOrientations_iPhone = "UIInterfaceOrientationPortrait UIInterfaceOrientationLandscapeLeft UIInterfaceOrientationLandscapeRight";
				INFOPLIST_KEY_UIUserInterfaceStyle = Light;
				LD_RUNPATH_SEARCH_PATHS = (
					"$(inherited)",
					"@executable_path/Frameworks",
				);
				LIBRARY_SEARCH_PATHS = (
					"$(inherited)",
					"$(PROJECT_DIR)/MetaSecret/RustLib",
					"$(PROJECT_DIR)/rustLib",
				);
				MARKETING_VERSION = 1.0;
				PRODUCT_BUNDLE_IDENTIFIER = org.metasecret.vault;
				PRODUCT_NAME = "$(TARGET_NAME)";
				PROVISIONING_PROFILE_SPECIFIER = "";
				SWIFT_EMIT_LOC_STRINGS = YES;
				SWIFT_OBJC_BRIDGING_HEADER = "$(PROJECT_DIR)/MetaSecret/RustLib/MetaSecret-Bridging-Header.h";
				SWIFT_VERSION = 5.0;
				TARGETED_DEVICE_FAMILY = "1,2";
			};
			name = Release;
		};
/* End XCBuildConfiguration section */

/* Begin XCConfigurationList section */
		E558ED9A28F5FD9F0018F045 /* Build configuration list for PBXNativeTarget "MetaSecretTests" */ = {
			isa = XCConfigurationList;
			buildConfigurations = (
				E558ED9B28F5FD9F0018F045 /* Debug */,
				E558ED9C28F5FD9F0018F045 /* Release */,
			);
			defaultConfigurationIsVisible = 0;
			defaultConfigurationName = Release;
		};
		E5800021288CA4D000E1135C /* Build configuration list for PBXProject "MetaSecret" */ = {
			isa = XCConfigurationList;
			buildConfigurations = (
				E580004E288CA4D300E1135C /* Debug */,
				E580004F288CA4D300E1135C /* Release */,
			);
			defaultConfigurationIsVisible = 0;
			defaultConfigurationName = Release;
		};
		E5800050288CA4D300E1135C /* Build configuration list for PBXNativeTarget "MetaSecret" */ = {
			isa = XCConfigurationList;
			buildConfigurations = (
				E5800051288CA4D300E1135C /* Debug */,
				E5800052288CA4D300E1135C /* Release */,
			);
			defaultConfigurationIsVisible = 0;
			defaultConfigurationName = Release;
		};
/* End XCConfigurationList section */
	};
	rootObject = E580001E288CA4D000E1135C /* Project object */;
}
